
Microsoft Visual Studio Solution File, Format Version 12.00
# Visual Studio Version 17
VisualStudioVersion = 17.12.35527.113 d17.12
MinimumVisualStudioVersion = 10.0.40219.1
Project("{FAE04EC0-301F-11D3-BF4B-00C04F79EFBC}") = "DddGym.Domain", "DddGym.Domain\DddGym.Domain.csproj", "{2F989557-9448-4079-9BF8-B066388C5A37}"
EndProject
Project("{FAE04EC0-301F-11D3-BF4B-00C04F79EFBC}") = "DddGym.Tests.Unit", "DddGym.Tests.Unit\DddGym.Tests.Unit.csproj", "{2C6A436D-592D-4352-96DF-3251098FD71F}"
EndProject
Global
	GlobalSection(SolutionConfigurationPlatforms) = preSolution
		Debug|Any CPU = Debug|Any CPU
		Release|Any CPU = Release|Any CPU
	EndGlobalSection
	GlobalSection(ProjectConfigurationPlatforms) = postSolution
		{2F989557-9448-4079-9BF8-B066388C5A37}.Debug|Any CPU.ActiveCfg = Debug|Any CPU
		{2F989557-9448-4079-9BF8-B066388C5A37}.Debug|Any CPU.Build.0 = Debug|Any CPU
		{2F989557-9448-4079-9BF8-B066388C5A37}.Release|Any CPU.ActiveCfg = Release|Any CPU
		{2F989557-9448-4079-9BF8-B066388C5A37}.Release|Any CPU.Build.0 = Release|Any CPU
		{2C6A436D-592D-4352-96DF-3251098FD71F}.Debug|Any CPU.ActiveCfg = Debug|Any CPU
		{2C6A436D-592D-4352-96DF-3251098FD71F}.Debug|Any CPU.Build.0 = Debug|Any CPU
		{2C6A436D-592D-4352-96DF-3251098FD71F}.Release|Any CPU.ActiveCfg = Release|Any CPU
		{2C6A436D-592D-4352-96DF-3251098FD71F}.Release|Any CPU.Build.0 = Release|Any CPU
	EndGlobalSection
	GlobalSection(SolutionProperties) = preSolution
		HideSolutionNode = FALSE
	EndGlobalSection
EndGlobal
