
Microsoft Visual Studio Solution File, Format Version 12.00
# Visual Studio Version 17
VisualStudioVersion = 17.0.31903.59
MinimumVisualStudioVersion = 10.0.40219.1
Project("{2150E333-8FDC-42A3-9474-1A3956D46DE8}") = "Abstractions", "Abstractions", "{ADC669A7-DDA0-4D43-9A2D-45B0492DA55A}"
EndProject
Project("{2150E333-8FDC-42A3-9474-1A3956D46DE8}") = "SharedKernels", "SharedKernels", "{26EEC182-1909-4A86-9ACD-62D84645AF1C}"
EndProject
Project("{2150E333-8FDC-42A3-9474-1A3956D46DE8}") = "Src", "Src", "{DCF1F26B-F96C-49F7-B2F4-D7FFD44E5412}"
EndProject
Project("{FAE04EC0-301F-11D3-BF4B-00C04F79EFBC}") = "DddGym.Framework", "Abstractions\SharedKernels\Src\DddGym.Framework\DddGym.Framework.csproj", "{9A735F98-651E-4076-84C0-129E441E1A8D}"
EndProject
Project("{2150E333-8FDC-42A3-9474-1A3956D46DE8}") = "Tests", "Tests", "{366ACA16-B31C-426D-B085-C08A90DEC040}"
EndProject
Project("{FAE04EC0-301F-11D3-BF4B-00C04F79EFBC}") = "DddGym.Framework.Tests.Unit", "Abstractions\SharedKernels\Tests\DddGym.Framework.Tests.Unit\DddGym.Framework.Tests.Unit.csproj", "{12269C0D-C27F-4DA7-A766-9948C8178BAF}"
EndProject
Project("{2150E333-8FDC-42A3-9474-1A3956D46DE8}") = "Backends", "Backends", "{CCF6E969-A479-4842-B76D-08C815C320FF}"
EndProject
Project("{2150E333-8FDC-42A3-9474-1A3956D46DE8}") = "GymManagement", "GymManagement", "{D2168905-096A-4E86-B2DE-2B5B8C1F6A20}"
EndProject
Project("{2150E333-8FDC-42A3-9474-1A3956D46DE8}") = "Src", "Src", "{DFAA6735-A0E0-4224-943B-8D212833BD67}"
EndProject
Project("{FAE04EC0-301F-11D3-BF4B-00C04F79EFBC}") = "GymManagement.Application", "Backends\GymManagement\Src\GymManagement.Application\GymManagement.Application.csproj", "{5F652CD5-5576-4C23-A727-0E89FD47F26A}"
EndProject
Project("{FAE04EC0-301F-11D3-BF4B-00C04F79EFBC}") = "GymManagement.Domain", "Backends\GymManagement\Src\GymManagement.Domain\GymManagement.Domain.csproj", "{A608DA99-5205-488E-ABBB-2D34BDDD71C8}"
EndProject
Project("{2150E333-8FDC-42A3-9474-1A3956D46DE8}") = "Tests", "Tests", "{FEB78779-8A86-4409-86B0-02D8E234F4A2}"
EndProject
Project("{FAE04EC0-301F-11D3-BF4B-00C04F79EFBC}") = "GymManagement.Tests.Unit", "Backends\GymManagement\Tests\GymManagement.Tests.Unit\GymManagement.Tests.Unit.csproj", "{D63DEA52-3420-43FD-B2DE-CD51C02E648C}"
EndProject
Global
	GlobalSection(SolutionConfigurationPlatforms) = preSolution
		Debug|Any CPU = Debug|Any CPU
		Release|Any CPU = Release|Any CPU
	EndGlobalSection
	GlobalSection(SolutionProperties) = preSolution
		HideSolutionNode = FALSE
	EndGlobalSection
	GlobalSection(ProjectConfigurationPlatforms) = postSolution
		{9A735F98-651E-4076-84C0-129E441E1A8D}.Debug|Any CPU.ActiveCfg = Debug|Any CPU
		{9A735F98-651E-4076-84C0-129E441E1A8D}.Debug|Any CPU.Build.0 = Debug|Any CPU
		{9A735F98-651E-4076-84C0-129E441E1A8D}.Release|Any CPU.ActiveCfg = Release|Any CPU
		{9A735F98-651E-4076-84C0-129E441E1A8D}.Release|Any CPU.Build.0 = Release|Any CPU
		{12269C0D-C27F-4DA7-A766-9948C8178BAF}.Debug|Any CPU.ActiveCfg = Debug|Any CPU
		{12269C0D-C27F-4DA7-A766-9948C8178BAF}.Debug|Any CPU.Build.0 = Debug|Any CPU
		{12269C0D-C27F-4DA7-A766-9948C8178BAF}.Release|Any CPU.ActiveCfg = Release|Any CPU
		{12269C0D-C27F-4DA7-A766-9948C8178BAF}.Release|Any CPU.Build.0 = Release|Any CPU
		{5F652CD5-5576-4C23-A727-0E89FD47F26A}.Debug|Any CPU.ActiveCfg = Debug|Any CPU
		{5F652CD5-5576-4C23-A727-0E89FD47F26A}.Debug|Any CPU.Build.0 = Debug|Any CPU
		{5F652CD5-5576-4C23-A727-0E89FD47F26A}.Release|Any CPU.ActiveCfg = Release|Any CPU
		{5F652CD5-5576-4C23-A727-0E89FD47F26A}.Release|Any CPU.Build.0 = Release|Any CPU
		{A608DA99-5205-488E-ABBB-2D34BDDD71C8}.Debug|Any CPU.ActiveCfg = Debug|Any CPU
		{A608DA99-5205-488E-ABBB-2D34BDDD71C8}.Debug|Any CPU.Build.0 = Debug|Any CPU
		{A608DA99-5205-488E-ABBB-2D34BDDD71C8}.Release|Any CPU.ActiveCfg = Release|Any CPU
		{A608DA99-5205-488E-ABBB-2D34BDDD71C8}.Release|Any CPU.Build.0 = Release|Any CPU
		{D63DEA52-3420-43FD-B2DE-CD51C02E648C}.Debug|Any CPU.ActiveCfg = Debug|Any CPU
		{D63DEA52-3420-43FD-B2DE-CD51C02E648C}.Debug|Any CPU.Build.0 = Debug|Any CPU
		{D63DEA52-3420-43FD-B2DE-CD51C02E648C}.Release|Any CPU.ActiveCfg = Release|Any CPU
		{D63DEA52-3420-43FD-B2DE-CD51C02E648C}.Release|Any CPU.Build.0 = Release|Any CPU
	EndGlobalSection
	GlobalSection(NestedProjects) = preSolution
		{26EEC182-1909-4A86-9ACD-62D84645AF1C} = {ADC669A7-DDA0-4D43-9A2D-45B0492DA55A}
		{DCF1F26B-F96C-49F7-B2F4-D7FFD44E5412} = {26EEC182-1909-4A86-9ACD-62D84645AF1C}
		{9A735F98-651E-4076-84C0-129E441E1A8D} = {DCF1F26B-F96C-49F7-B2F4-D7FFD44E5412}
		{366ACA16-B31C-426D-B085-C08A90DEC040} = {26EEC182-1909-4A86-9ACD-62D84645AF1C}
		{12269C0D-C27F-4DA7-A766-9948C8178BAF} = {366ACA16-B31C-426D-B085-C08A90DEC040}
		{D2168905-096A-4E86-B2DE-2B5B8C1F6A20} = {CCF6E969-A479-4842-B76D-08C815C320FF}
		{DFAA6735-A0E0-4224-943B-8D212833BD67} = {D2168905-096A-4E86-B2DE-2B5B8C1F6A20}
		{5F652CD5-5576-4C23-A727-0E89FD47F26A} = {DFAA6735-A0E0-4224-943B-8D212833BD67}
		{A608DA99-5205-488E-ABBB-2D34BDDD71C8} = {DFAA6735-A0E0-4224-943B-8D212833BD67}
		{FEB78779-8A86-4409-86B0-02D8E234F4A2} = {D2168905-096A-4E86-B2DE-2B5B8C1F6A20}
		{D63DEA52-3420-43FD-B2DE-CD51C02E648C} = {FEB78779-8A86-4409-86B0-02D8E234F4A2}
	EndGlobalSection
EndGlobal
