
Microsoft Visual Studio Solution File, Format Version 12.00
# Visual Studio Version 17
VisualStudioVersion = 17.0.31903.59
MinimumVisualStudioVersion = 10.0.40219.1
Project("{2150E333-8FDC-42A3-9474-1A3956D46DE8}") = "Assets", "Assets", "{2E381816-359B-4260-A0DB-054554EA98D4}"
EndProject
Project("{2150E333-8FDC-42A3-9474-1A3956D46DE8}") = "Domains", "Domains", "{CE6B2ED9-50DC-44CD-A144-7EB2247A2E12}"
EndProject
Project("{2150E333-8FDC-42A3-9474-1A3956D46DE8}") = "Src", "Src", "{F38F76D5-87EC-488C-980A-7C278231C99B}"
EndProject
Project("{FAE04EC0-301F-11D3-BF4B-00C04F79EFBC}") = "Crop.Hello.Domain", "Assets\Domains\Src\Crop.Hello.Domain\Crop.Hello.Domain.csproj", "{8C6C4B9F-206F-409C-8198-4E2665BC61C2}"
EndProject
Project("{2150E333-8FDC-42A3-9474-1A3956D46DE8}") = "Tests", "Tests", "{DCDCF44A-D787-46BC-A52F-3981D265BB65}"
EndProject
Project("{FAE04EC0-301F-11D3-BF4B-00C04F79EFBC}") = "Crop.Hello.Domain.Unit", "Assets\Domains\Tests\Crop.Hello.Domain.Unit\Crop.Hello.Domain.Unit.csproj", "{50B4758D-D283-40AC-8EE1-AFE01595468B}"
EndProject
Project("{2150E333-8FDC-42A3-9474-1A3956D46DE8}") = "Frameworks", "Frameworks", "{84D19615-457B-413C-AE24-C9BF44E66E7C}"
EndProject
Project("{2150E333-8FDC-42A3-9474-1A3956D46DE8}") = "Src", "Src", "{AB475F5F-CD63-409B-A195-935D78C1E61A}"
EndProject
Project("{FAE04EC0-301F-11D3-BF4B-00C04F79EFBC}") = "Crop.Hello.Framework", "Assets\Frameworks\Src\Crop.Hello.Framework\Crop.Hello.Framework.csproj", "{2B3FA050-DCCF-425E-B29B-0D0E949C24C3}"
EndProject
Project("{FAE04EC0-301F-11D3-BF4B-00C04F79EFBC}") = "Crop.Hello.Framework.Contracts", "Assets\Frameworks\Src\Crop.Hello.Framework.Contracts\Crop.Hello.Framework.Contracts.csproj", "{AAC60CEA-35F9-4A8B-B449-7F743DA050F4}"
EndProject
Project("{2150E333-8FDC-42A3-9474-1A3956D46DE8}") = "Tests", "Tests", "{C3414C11-86C6-4BD4-9F4B-ACF573CCB1F4}"
EndProject
Project("{FAE04EC0-301F-11D3-BF4B-00C04F79EFBC}") = "Crop.Hello.Framework.Tests.Unit", "Assets\Frameworks\Tests\Crop.Hello.Framework.Tests.Unit\Crop.Hello.Framework.Tests.Unit.csproj", "{CCE78F85-B052-419E-A68D-A0905B1E50BA}"
EndProject
Project("{2150E333-8FDC-42A3-9474-1A3956D46DE8}") = "Backend", "Backend", "{58A3B68A-FA74-4A10-AF10-087A1B9DD9A2}"
EndProject
Project("{2150E333-8FDC-42A3-9474-1A3956D46DE8}") = "Api", "Api", "{DABB56CA-403B-400A-AF3E-2EC7B5E63D7C}"
EndProject
Project("{2150E333-8FDC-42A3-9474-1A3956D46DE8}") = "Src", "Src", "{3D4C4517-314E-4DC6-A8DB-398CB2E142D0}"
EndProject
Project("{FAE04EC0-301F-11D3-BF4B-00C04F79EFBC}") = "Crop.Hello.Api", "Backend\Api\Src\Crop.Hello.Api\Crop.Hello.Api.csproj", "{793CBA33-69E1-48C5-AEF3-9CF37ACC639C}"
EndProject
Project("{FAE04EC0-301F-11D3-BF4B-00C04F79EFBC}") = "Crop.Hello.Api.Adapters.Infrastructure", "Backend\Api\Src\Crop.Hello.Api.Adapters.Infrastructure\Crop.Hello.Api.Adapters.Infrastructure.csproj", "{8F1A2CCA-7896-4E54-B786-583A9BBD54DE}"
EndProject
Project("{FAE04EC0-301F-11D3-BF4B-00C04F79EFBC}") = "Crop.Hello.Api.Adapters.Persistence", "Backend\Api\Src\Crop.Hello.Api.Adapters.Persistence\Crop.Hello.Api.Adapters.Persistence.csproj", "{A76D3166-1A65-48F2-867E-00D2A987F6ED}"
EndProject
Project("{FAE04EC0-301F-11D3-BF4B-00C04F79EFBC}") = "Crop.Hello.Api.Application", "Backend\Api\Src\Crop.Hello.Api.Application\Crop.Hello.Api.Application.csproj", "{F9271AEC-ED47-4AB9-989E-E08F9B0DBAC9}"
EndProject
Project("{FAE04EC0-301F-11D3-BF4B-00C04F79EFBC}") = "Crop.Hello.Api.Domain", "Backend\Api\Src\Crop.Hello.Api.Domain\Crop.Hello.Api.Domain.csproj", "{85A0DAF6-00E6-45C9-86FA-9E93B07599C7}"
EndProject
Project("{2150E333-8FDC-42A3-9474-1A3956D46DE8}") = "Tests", "Tests", "{29664641-17A7-4D25-9A6E-7C833C0FD378}"
EndProject
Project("{FAE04EC0-301F-11D3-BF4B-00C04F79EFBC}") = "Crop.Hello.Api.Tests.Integration", "Backend\Api\Tests\Crop.Hello.Api.Tests.Integration\Crop.Hello.Api.Tests.Integration.csproj", "{C62778B8-384D-4059-9D79-0F065B55AD18}"
EndProject
Project("{FAE04EC0-301F-11D3-BF4B-00C04F79EFBC}") = "Crop.Hello.Api.Tests.Unit", "Backend\Api\Tests\Crop.Hello.Api.Tests.Unit\Crop.Hello.Api.Tests.Unit.csproj", "{85B76B30-6F73-4EFC-BB3F-F35F3D8C006F}"
EndProject
Project("{2150E333-8FDC-42A3-9474-1A3956D46DE8}") = "Master", "Master", "{66AB5485-B944-4A37-A841-22708425BC69}"
EndProject
Project("{2150E333-8FDC-42A3-9474-1A3956D46DE8}") = "Src", "Src", "{EBAEEE0F-58E2-4BD1-9C72-1A35FEC4B21E}"
EndProject
Project("{FAE04EC0-301F-11D3-BF4B-00C04F79EFBC}") = "Crop.Hello.Master", "Backend\Master\Src\Crop.Hello.Master\Crop.Hello.Master.csproj", "{05F63ECC-40E5-4B67-946A-9398BB147212}"
EndProject
Project("{FAE04EC0-301F-11D3-BF4B-00C04F79EFBC}") = "Crop.Hello.Master.Adapters.Infrastructure", "Backend\Master\Src\Crop.Hello.Master.Adapters.Infrastructure\Crop.Hello.Master.Adapters.Infrastructure.csproj", "{64445848-6180-409A-BB37-7CA1D3061845}"
EndProject
Project("{FAE04EC0-301F-11D3-BF4B-00C04F79EFBC}") = "Crop.Hello.Master.Adapters.Persistence", "Backend\Master\Src\Crop.Hello.Master.Adapters.Persistence\Crop.Hello.Master.Adapters.Persistence.csproj", "{6FA4588A-3FAE-4C4C-BD2D-0F848A3D2D56}"
EndProject
Project("{FAE04EC0-301F-11D3-BF4B-00C04F79EFBC}") = "Crop.Hello.Master.Application", "Backend\Master\Src\Crop.Hello.Master.Application\Crop.Hello.Master.Application.csproj", "{0087B123-B8B9-457E-B7D9-07444CFB528C}"
EndProject
Project("{FAE04EC0-301F-11D3-BF4B-00C04F79EFBC}") = "Crop.Hello.Master.Domain", "Backend\Master\Src\Crop.Hello.Master.Domain\Crop.Hello.Master.Domain.csproj", "{B3D66FE6-0A39-480D-9C29-C6B5122244FE}"
EndProject
Project("{2150E333-8FDC-42A3-9474-1A3956D46DE8}") = "Tests", "Tests", "{71DE0CA8-8983-4C50-9510-B9CB1F7C0D66}"
EndProject
Project("{FAE04EC0-301F-11D3-BF4B-00C04F79EFBC}") = "Crop.Hello.Master.Tests.Integration", "Backend\Master\Tests\Crop.Hello.Master.Tests.Integration\Crop.Hello.Master.Tests.Integration.csproj", "{B20D5DFA-AAF3-4B00-B4AF-1D263E9E51F4}"
EndProject
Project("{FAE04EC0-301F-11D3-BF4B-00C04F79EFBC}") = "Crop.Hello.Master.Tests.Unit", "Backend\Master\Tests\Crop.Hello.Master.Tests.Unit\Crop.Hello.Master.Tests.Unit.csproj", "{1877C8EA-118B-4A9F-8049-36381F0621CC}"
EndProject
Project("{2150E333-8FDC-42A3-9474-1A3956D46DE8}") = "Tests", "Tests", "{35236629-D4C8-4C2F-906A-92DA6F1A22D3}"
EndProject
Project("{FAE04EC0-301F-11D3-BF4B-00C04F79EFBC}") = "Crop.Hello.Tests.E2E", "Backend\Tests\Crop.Hello.Tests.E2E\Crop.Hello.Tests.E2E.csproj", "{1E0B056E-299C-4034-8D75-3FE158087A4A}"
EndProject
Global
	GlobalSection(SolutionConfigurationPlatforms) = preSolution
		Debug|Any CPU = Debug|Any CPU
		Release|Any CPU = Release|Any CPU
	EndGlobalSection
	GlobalSection(SolutionProperties) = preSolution
		HideSolutionNode = FALSE
	EndGlobalSection
	GlobalSection(ProjectConfigurationPlatforms) = postSolution
		{8C6C4B9F-206F-409C-8198-4E2665BC61C2}.Debug|Any CPU.ActiveCfg = Debug|Any CPU
		{8C6C4B9F-206F-409C-8198-4E2665BC61C2}.Debug|Any CPU.Build.0 = Debug|Any CPU
		{8C6C4B9F-206F-409C-8198-4E2665BC61C2}.Release|Any CPU.ActiveCfg = Release|Any CPU
		{8C6C4B9F-206F-409C-8198-4E2665BC61C2}.Release|Any CPU.Build.0 = Release|Any CPU
		{50B4758D-D283-40AC-8EE1-AFE01595468B}.Debug|Any CPU.ActiveCfg = Debug|Any CPU
		{50B4758D-D283-40AC-8EE1-AFE01595468B}.Debug|Any CPU.Build.0 = Debug|Any CPU
		{50B4758D-D283-40AC-8EE1-AFE01595468B}.Release|Any CPU.ActiveCfg = Release|Any CPU
		{50B4758D-D283-40AC-8EE1-AFE01595468B}.Release|Any CPU.Build.0 = Release|Any CPU
		{2B3FA050-DCCF-425E-B29B-0D0E949C24C3}.Debug|Any CPU.ActiveCfg = Debug|Any CPU
		{2B3FA050-DCCF-425E-B29B-0D0E949C24C3}.Debug|Any CPU.Build.0 = Debug|Any CPU
		{2B3FA050-DCCF-425E-B29B-0D0E949C24C3}.Release|Any CPU.ActiveCfg = Release|Any CPU
		{2B3FA050-DCCF-425E-B29B-0D0E949C24C3}.Release|Any CPU.Build.0 = Release|Any CPU
		{AAC60CEA-35F9-4A8B-B449-7F743DA050F4}.Debug|Any CPU.ActiveCfg = Debug|Any CPU
		{AAC60CEA-35F9-4A8B-B449-7F743DA050F4}.Debug|Any CPU.Build.0 = Debug|Any CPU
		{AAC60CEA-35F9-4A8B-B449-7F743DA050F4}.Release|Any CPU.ActiveCfg = Release|Any CPU
		{AAC60CEA-35F9-4A8B-B449-7F743DA050F4}.Release|Any CPU.Build.0 = Release|Any CPU
		{CCE78F85-B052-419E-A68D-A0905B1E50BA}.Debug|Any CPU.ActiveCfg = Debug|Any CPU
		{CCE78F85-B052-419E-A68D-A0905B1E50BA}.Debug|Any CPU.Build.0 = Debug|Any CPU
		{CCE78F85-B052-419E-A68D-A0905B1E50BA}.Release|Any CPU.ActiveCfg = Release|Any CPU
		{CCE78F85-B052-419E-A68D-A0905B1E50BA}.Release|Any CPU.Build.0 = Release|Any CPU
		{793CBA33-69E1-48C5-AEF3-9CF37ACC639C}.Debug|Any CPU.ActiveCfg = Debug|Any CPU
		{793CBA33-69E1-48C5-AEF3-9CF37ACC639C}.Debug|Any CPU.Build.0 = Debug|Any CPU
		{793CBA33-69E1-48C5-AEF3-9CF37ACC639C}.Release|Any CPU.ActiveCfg = Release|Any CPU
		{793CBA33-69E1-48C5-AEF3-9CF37ACC639C}.Release|Any CPU.Build.0 = Release|Any CPU
		{8F1A2CCA-7896-4E54-B786-583A9BBD54DE}.Debug|Any CPU.ActiveCfg = Debug|Any CPU
		{8F1A2CCA-7896-4E54-B786-583A9BBD54DE}.Debug|Any CPU.Build.0 = Debug|Any CPU
		{8F1A2CCA-7896-4E54-B786-583A9BBD54DE}.Release|Any CPU.ActiveCfg = Release|Any CPU
		{8F1A2CCA-7896-4E54-B786-583A9BBD54DE}.Release|Any CPU.Build.0 = Release|Any CPU
		{A76D3166-1A65-48F2-867E-00D2A987F6ED}.Debug|Any CPU.ActiveCfg = Debug|Any CPU
		{A76D3166-1A65-48F2-867E-00D2A987F6ED}.Debug|Any CPU.Build.0 = Debug|Any CPU
		{A76D3166-1A65-48F2-867E-00D2A987F6ED}.Release|Any CPU.ActiveCfg = Release|Any CPU
		{A76D3166-1A65-48F2-867E-00D2A987F6ED}.Release|Any CPU.Build.0 = Release|Any CPU
		{F9271AEC-ED47-4AB9-989E-E08F9B0DBAC9}.Debug|Any CPU.ActiveCfg = Debug|Any CPU
		{F9271AEC-ED47-4AB9-989E-E08F9B0DBAC9}.Debug|Any CPU.Build.0 = Debug|Any CPU
		{F9271AEC-ED47-4AB9-989E-E08F9B0DBAC9}.Release|Any CPU.ActiveCfg = Release|Any CPU
		{F9271AEC-ED47-4AB9-989E-E08F9B0DBAC9}.Release|Any CPU.Build.0 = Release|Any CPU
		{85A0DAF6-00E6-45C9-86FA-9E93B07599C7}.Debug|Any CPU.ActiveCfg = Debug|Any CPU
		{85A0DAF6-00E6-45C9-86FA-9E93B07599C7}.Debug|Any CPU.Build.0 = Debug|Any CPU
		{85A0DAF6-00E6-45C9-86FA-9E93B07599C7}.Release|Any CPU.ActiveCfg = Release|Any CPU
		{85A0DAF6-00E6-45C9-86FA-9E93B07599C7}.Release|Any CPU.Build.0 = Release|Any CPU
		{C62778B8-384D-4059-9D79-0F065B55AD18}.Debug|Any CPU.ActiveCfg = Debug|Any CPU
		{C62778B8-384D-4059-9D79-0F065B55AD18}.Debug|Any CPU.Build.0 = Debug|Any CPU
		{C62778B8-384D-4059-9D79-0F065B55AD18}.Release|Any CPU.ActiveCfg = Release|Any CPU
		{C62778B8-384D-4059-9D79-0F065B55AD18}.Release|Any CPU.Build.0 = Release|Any CPU
		{85B76B30-6F73-4EFC-BB3F-F35F3D8C006F}.Debug|Any CPU.ActiveCfg = Debug|Any CPU
		{85B76B30-6F73-4EFC-BB3F-F35F3D8C006F}.Debug|Any CPU.Build.0 = Debug|Any CPU
		{85B76B30-6F73-4EFC-BB3F-F35F3D8C006F}.Release|Any CPU.ActiveCfg = Release|Any CPU
		{85B76B30-6F73-4EFC-BB3F-F35F3D8C006F}.Release|Any CPU.Build.0 = Release|Any CPU
		{05F63ECC-40E5-4B67-946A-9398BB147212}.Debug|Any CPU.ActiveCfg = Debug|Any CPU
		{05F63ECC-40E5-4B67-946A-9398BB147212}.Debug|Any CPU.Build.0 = Debug|Any CPU
		{05F63ECC-40E5-4B67-946A-9398BB147212}.Release|Any CPU.ActiveCfg = Release|Any CPU
		{05F63ECC-40E5-4B67-946A-9398BB147212}.Release|Any CPU.Build.0 = Release|Any CPU
		{64445848-6180-409A-BB37-7CA1D3061845}.Debug|Any CPU.ActiveCfg = Debug|Any CPU
		{64445848-6180-409A-BB37-7CA1D3061845}.Debug|Any CPU.Build.0 = Debug|Any CPU
		{64445848-6180-409A-BB37-7CA1D3061845}.Release|Any CPU.ActiveCfg = Release|Any CPU
		{64445848-6180-409A-BB37-7CA1D3061845}.Release|Any CPU.Build.0 = Release|Any CPU
		{6FA4588A-3FAE-4C4C-BD2D-0F848A3D2D56}.Debug|Any CPU.ActiveCfg = Debug|Any CPU
		{6FA4588A-3FAE-4C4C-BD2D-0F848A3D2D56}.Debug|Any CPU.Build.0 = Debug|Any CPU
		{6FA4588A-3FAE-4C4C-BD2D-0F848A3D2D56}.Release|Any CPU.ActiveCfg = Release|Any CPU
		{6FA4588A-3FAE-4C4C-BD2D-0F848A3D2D56}.Release|Any CPU.Build.0 = Release|Any CPU
		{0087B123-B8B9-457E-B7D9-07444CFB528C}.Debug|Any CPU.ActiveCfg = Debug|Any CPU
		{0087B123-B8B9-457E-B7D9-07444CFB528C}.Debug|Any CPU.Build.0 = Debug|Any CPU
		{0087B123-B8B9-457E-B7D9-07444CFB528C}.Release|Any CPU.ActiveCfg = Release|Any CPU
		{0087B123-B8B9-457E-B7D9-07444CFB528C}.Release|Any CPU.Build.0 = Release|Any CPU
		{B3D66FE6-0A39-480D-9C29-C6B5122244FE}.Debug|Any CPU.ActiveCfg = Debug|Any CPU
		{B3D66FE6-0A39-480D-9C29-C6B5122244FE}.Debug|Any CPU.Build.0 = Debug|Any CPU
		{B3D66FE6-0A39-480D-9C29-C6B5122244FE}.Release|Any CPU.ActiveCfg = Release|Any CPU
		{B3D66FE6-0A39-480D-9C29-C6B5122244FE}.Release|Any CPU.Build.0 = Release|Any CPU
		{B20D5DFA-AAF3-4B00-B4AF-1D263E9E51F4}.Debug|Any CPU.ActiveCfg = Debug|Any CPU
		{B20D5DFA-AAF3-4B00-B4AF-1D263E9E51F4}.Debug|Any CPU.Build.0 = Debug|Any CPU
		{B20D5DFA-AAF3-4B00-B4AF-1D263E9E51F4}.Release|Any CPU.ActiveCfg = Release|Any CPU
		{B20D5DFA-AAF3-4B00-B4AF-1D263E9E51F4}.Release|Any CPU.Build.0 = Release|Any CPU
		{1877C8EA-118B-4A9F-8049-36381F0621CC}.Debug|Any CPU.ActiveCfg = Debug|Any CPU
		{1877C8EA-118B-4A9F-8049-36381F0621CC}.Debug|Any CPU.Build.0 = Debug|Any CPU
		{1877C8EA-118B-4A9F-8049-36381F0621CC}.Release|Any CPU.ActiveCfg = Release|Any CPU
		{1877C8EA-118B-4A9F-8049-36381F0621CC}.Release|Any CPU.Build.0 = Release|Any CPU
		{1E0B056E-299C-4034-8D75-3FE158087A4A}.Debug|Any CPU.ActiveCfg = Debug|Any CPU
		{1E0B056E-299C-4034-8D75-3FE158087A4A}.Debug|Any CPU.Build.0 = Debug|Any CPU
		{1E0B056E-299C-4034-8D75-3FE158087A4A}.Release|Any CPU.ActiveCfg = Release|Any CPU
		{1E0B056E-299C-4034-8D75-3FE158087A4A}.Release|Any CPU.Build.0 = Release|Any CPU
	EndGlobalSection
	GlobalSection(NestedProjects) = preSolution
		{CE6B2ED9-50DC-44CD-A144-7EB2247A2E12} = {2E381816-359B-4260-A0DB-054554EA98D4}
		{F38F76D5-87EC-488C-980A-7C278231C99B} = {CE6B2ED9-50DC-44CD-A144-7EB2247A2E12}
		{8C6C4B9F-206F-409C-8198-4E2665BC61C2} = {F38F76D5-87EC-488C-980A-7C278231C99B}
		{DCDCF44A-D787-46BC-A52F-3981D265BB65} = {CE6B2ED9-50DC-44CD-A144-7EB2247A2E12}
		{50B4758D-D283-40AC-8EE1-AFE01595468B} = {DCDCF44A-D787-46BC-A52F-3981D265BB65}
		{84D19615-457B-413C-AE24-C9BF44E66E7C} = {2E381816-359B-4260-A0DB-054554EA98D4}
		{AB475F5F-CD63-409B-A195-935D78C1E61A} = {84D19615-457B-413C-AE24-C9BF44E66E7C}
		{2B3FA050-DCCF-425E-B29B-0D0E949C24C3} = {AB475F5F-CD63-409B-A195-935D78C1E61A}
		{AAC60CEA-35F9-4A8B-B449-7F743DA050F4} = {AB475F5F-CD63-409B-A195-935D78C1E61A}
		{C3414C11-86C6-4BD4-9F4B-ACF573CCB1F4} = {84D19615-457B-413C-AE24-C9BF44E66E7C}
		{CCE78F85-B052-419E-A68D-A0905B1E50BA} = {C3414C11-86C6-4BD4-9F4B-ACF573CCB1F4}
		{DABB56CA-403B-400A-AF3E-2EC7B5E63D7C} = {58A3B68A-FA74-4A10-AF10-087A1B9DD9A2}
		{3D4C4517-314E-4DC6-A8DB-398CB2E142D0} = {DABB56CA-403B-400A-AF3E-2EC7B5E63D7C}
		{793CBA33-69E1-48C5-AEF3-9CF37ACC639C} = {3D4C4517-314E-4DC6-A8DB-398CB2E142D0}
		{8F1A2CCA-7896-4E54-B786-583A9BBD54DE} = {3D4C4517-314E-4DC6-A8DB-398CB2E142D0}
		{A76D3166-1A65-48F2-867E-00D2A987F6ED} = {3D4C4517-314E-4DC6-A8DB-398CB2E142D0}
		{F9271AEC-ED47-4AB9-989E-E08F9B0DBAC9} = {3D4C4517-314E-4DC6-A8DB-398CB2E142D0}
		{85A0DAF6-00E6-45C9-86FA-9E93B07599C7} = {3D4C4517-314E-4DC6-A8DB-398CB2E142D0}
		{29664641-17A7-4D25-9A6E-7C833C0FD378} = {DABB56CA-403B-400A-AF3E-2EC7B5E63D7C}
		{C62778B8-384D-4059-9D79-0F065B55AD18} = {29664641-17A7-4D25-9A6E-7C833C0FD378}
		{85B76B30-6F73-4EFC-BB3F-F35F3D8C006F} = {29664641-17A7-4D25-9A6E-7C833C0FD378}
		{66AB5485-B944-4A37-A841-22708425BC69} = {58A3B68A-FA74-4A10-AF10-087A1B9DD9A2}
		{EBAEEE0F-58E2-4BD1-9C72-1A35FEC4B21E} = {66AB5485-B944-4A37-A841-22708425BC69}
		{05F63ECC-40E5-4B67-946A-9398BB147212} = {EBAEEE0F-58E2-4BD1-9C72-1A35FEC4B21E}
		{64445848-6180-409A-BB37-7CA1D3061845} = {EBAEEE0F-58E2-4BD1-9C72-1A35FEC4B21E}
		{6FA4588A-3FAE-4C4C-BD2D-0F848A3D2D56} = {EBAEEE0F-58E2-4BD1-9C72-1A35FEC4B21E}
		{0087B123-B8B9-457E-B7D9-07444CFB528C} = {EBAEEE0F-58E2-4BD1-9C72-1A35FEC4B21E}
		{B3D66FE6-0A39-480D-9C29-C6B5122244FE} = {EBAEEE0F-58E2-4BD1-9C72-1A35FEC4B21E}
		{71DE0CA8-8983-4C50-9510-B9CB1F7C0D66} = {66AB5485-B944-4A37-A841-22708425BC69}
		{B20D5DFA-AAF3-4B00-B4AF-1D263E9E51F4} = {71DE0CA8-8983-4C50-9510-B9CB1F7C0D66}
		{1877C8EA-118B-4A9F-8049-36381F0621CC} = {71DE0CA8-8983-4C50-9510-B9CB1F7C0D66}
		{35236629-D4C8-4C2F-906A-92DA6F1A22D3} = {58A3B68A-FA74-4A10-AF10-087A1B9DD9A2}
		{1E0B056E-299C-4034-8D75-3FE158087A4A} = {35236629-D4C8-4C2F-906A-92DA6F1A22D3}
	EndGlobalSection
EndGlobal
