
Microsoft Visual Studio Solution File, Format Version 12.00
# Visual Studio Version 17
VisualStudioVersion = 17.0.31903.59
MinimumVisualStudioVersion = 10.0.40219.1
Project("{2150E333-8FDC-42A3-9474-1A3956D46DE8}") = "Abstraction", "Abstraction", "{63E9A179-9C00-4B21-975F-00D42FB7706C}"
EndProject
Project("{2150E333-8FDC-42A3-9474-1A3956D46DE8}") = "Frameworks", "Frameworks", "{74BD8290-266D-4244-9907-87B24FF7AE10}"
EndProject
Project("{FAE04EC0-301F-11D3-BF4B-00C04F79EFBC}") = "Corp.Hello.Framework", "Abstraction\Frameworks\Corp.Hello.Framework\Corp.Hello.Framework.csproj", "{9AEE3F46-B4C4-41D0-8133-006F11F7EBAA}"
EndProject
Project("{FAE04EC0-301F-11D3-BF4B-00C04F79EFBC}") = "Corp.Hello.Framework.Contracts", "Abstraction\Frameworks\Corp.Hello.Framework.Contracts\Corp.Hello.Framework.Contracts.csproj", "{C3A81295-A0A5-4004-873E-6D5FE7BDE622}"
EndProject
Project("{2150E333-8FDC-42A3-9474-1A3956D46DE8}") = "Libraries", "Libraries", "{94B42217-3A14-43C9-A9C5-0D47B302047C}"
EndProject
Project("{FAE04EC0-301F-11D3-BF4B-00C04F79EFBC}") = "Corp.Hello.RabbitMQ", "Abstraction\Libraries\Corp.Hello.RabbitMQ\Corp.Hello.RabbitMQ.csproj", "{9FF781DD-1F8E-446E-86CF-63AE36A77C45}"
EndProject
Project("{2150E333-8FDC-42A3-9474-1A3956D46DE8}") = "Backend", "Backend", "{E791E42F-B6FE-48EB-BA99-B94D92A0BC8E}"
EndProject
Project("{2150E333-8FDC-42A3-9474-1A3956D46DE8}") = "Api", "Api", "{951F6494-413C-4A57-A0E1-940B3B1C47F9}"
EndProject
Project("{2150E333-8FDC-42A3-9474-1A3956D46DE8}") = "Src", "Src", "{121051A3-2515-43B3-A90B-CACD7E5F024E}"
EndProject
Project("{FAE04EC0-301F-11D3-BF4B-00C04F79EFBC}") = "Corp.Hello.Api", "Backend\Api\Src\Corp.Hello.Api\Corp.Hello.Api.csproj", "{B05954BB-A27A-435F-9BEC-512A112ACF71}"
EndProject
Project("{FAE04EC0-301F-11D3-BF4B-00C04F79EFBC}") = "Corp.Hello.Api.Adapters.Infrastructure", "Backend\Api\Src\Corp.Hello.Api.Adapters.Infrastructure\Corp.Hello.Api.Adapters.Infrastructure.csproj", "{94F565D7-14E5-4B14-BCE1-01E0DE42E24F}"
EndProject
Project("{FAE04EC0-301F-11D3-BF4B-00C04F79EFBC}") = "Corp.Hello.Api.Adapters.Persistence", "Backend\Api\Src\Corp.Hello.Api.Adapters.Persistence\Corp.Hello.Api.Adapters.Persistence.csproj", "{6073157D-06F7-42C3-9597-FF39EE8BC7A1}"
EndProject
Project("{FAE04EC0-301F-11D3-BF4B-00C04F79EFBC}") = "Corp.Hello.Api.Application", "Backend\Api\Src\Corp.Hello.Api.Application\Corp.Hello.Api.Application.csproj", "{E08D63C9-E88C-447C-86CF-6E6346C604E5}"
EndProject
Project("{FAE04EC0-301F-11D3-BF4B-00C04F79EFBC}") = "Corp.Hello.Api.Domain", "Backend\Api\Src\Corp.Hello.Api.Domain\Corp.Hello.Api.Domain.csproj", "{881ABACB-6177-4A18-8C07-5E18F1F2550D}"
EndProject
Project("{2150E333-8FDC-42A3-9474-1A3956D46DE8}") = "Tests", "Tests", "{63BB57B1-8083-4803-A80D-17E44CDBF5EA}"
EndProject
Project("{FAE04EC0-301F-11D3-BF4B-00C04F79EFBC}") = "Corp.Hello.Api.Tests.Integration", "Backend\Api\Tests\Corp.Hello.Api.Tests.Integration\Corp.Hello.Api.Tests.Integration.csproj", "{244EB9B6-C229-47A9-9947-FF0ED172A867}"
EndProject
Project("{FAE04EC0-301F-11D3-BF4B-00C04F79EFBC}") = "Corp.Hello.Api.Tests.Unit", "Backend\Api\Tests\Corp.Hello.Api.Tests.Unit\Corp.Hello.Api.Tests.Unit.csproj", "{DC31AC04-01C9-41AB-A993-589FE1D8EA5B}"
EndProject
Project("{2150E333-8FDC-42A3-9474-1A3956D46DE8}") = "Master", "Master", "{7044F63C-117F-45CC-BE91-BC04BB2879E9}"
EndProject
Project("{2150E333-8FDC-42A3-9474-1A3956D46DE8}") = "Src", "Src", "{4B2B0CE6-7BC0-43D4-BEF5-5B984D7F4F77}"
EndProject
Project("{FAE04EC0-301F-11D3-BF4B-00C04F79EFBC}") = "Corp.Hello.Master", "Backend\Master\Src\Corp.Hello.Master\Corp.Hello.Master.csproj", "{68E3467A-8716-44D8-B789-4F971DDC66E7}"
EndProject
Project("{FAE04EC0-301F-11D3-BF4B-00C04F79EFBC}") = "Corp.Hello.Master.Adapters.Infrastructure", "Backend\Master\Src\Corp.Hello.Master.Adapters.Infrastructure\Corp.Hello.Master.Adapters.Infrastructure.csproj", "{AA5DFA79-08C9-4C7D-9BC9-3D234ABB71DD}"
EndProject
Project("{FAE04EC0-301F-11D3-BF4B-00C04F79EFBC}") = "Corp.Hello.Master.Adapters.Persistence", "Backend\Master\Src\Corp.Hello.Master.Adapters.Persistence\Corp.Hello.Master.Adapters.Persistence.csproj", "{9E54152B-B440-41B6-B2C8-E33E8E78DD53}"
EndProject
Project("{FAE04EC0-301F-11D3-BF4B-00C04F79EFBC}") = "Corp.Hello.Master.Application", "Backend\Master\Src\Corp.Hello.Master.Application\Corp.Hello.Master.Application.csproj", "{2C2DFD28-E934-41A1-82F8-4F41413B0A93}"
EndProject
Project("{FAE04EC0-301F-11D3-BF4B-00C04F79EFBC}") = "Corp.Hello.Master.Domain", "Backend\Master\Src\Corp.Hello.Master.Domain\Corp.Hello.Master.Domain.csproj", "{F7FA7323-5926-43CB-8610-11B2A67BCD43}"
EndProject
Project("{2150E333-8FDC-42A3-9474-1A3956D46DE8}") = "Tests", "Tests", "{B20D743B-BD47-45FD-8E47-7901E195677C}"
EndProject
Project("{FAE04EC0-301F-11D3-BF4B-00C04F79EFBC}") = "Corp.Hello.Master.Tests.Integration", "Backend\Master\Tests\Corp.Hello.Master.Tests.Integration\Corp.Hello.Master.Tests.Integration.csproj", "{2DA294D3-F677-4E5C-A835-A7789265B568}"
EndProject
Project("{FAE04EC0-301F-11D3-BF4B-00C04F79EFBC}") = "Corp.Hello.Master.Tests.Unit", "Backend\Master\Tests\Corp.Hello.Master.Tests.Unit\Corp.Hello.Master.Tests.Unit.csproj", "{30CAD91F-B792-43B9-8037-815882B414BC}"
EndProject
Project("{FAE04EC0-301F-11D3-BF4B-00C04F79EFBC}") = "Corp.Hello.Api.Tests.Performance", "Backend\Api\Tests\Corp.Hello.Api.Tests.Performance\Corp.Hello.Api.Tests.Performance.csproj", "{C2FF4983-3140-4D6A-93B9-940DD532AB46}"
EndProject
Project("{FAE04EC0-301F-11D3-BF4B-00C04F79EFBC}") = "Corp.Hello.Master.Tests.Performance", "Backend\Master\Tests\Corp.Hello.Master.Tests.Performance\Corp.Hello.Master.Tests.Performance.csproj", "{8FA9715D-3944-41C7-90CC-F3FB671DFD60}"
EndProject
Project("{2150E333-8FDC-42A3-9474-1A3956D46DE8}") = "Tests", "Tests", "{D9359467-E9AE-4DE5-9390-4B46336BD8D7}"
EndProject
Project("{FAE04EC0-301F-11D3-BF4B-00C04F79EFBC}") = "Corp.Hello.Tests.E2E", "Backend\Tests\Corp.Hello.Tests.E2E\Corp.Hello.Tests.E2E.csproj", "{698CA72B-07E2-485F-BE63-7EA24960C45F}"
EndProject
Global
	GlobalSection(SolutionConfigurationPlatforms) = preSolution
		Debug|Any CPU = Debug|Any CPU
		Release|Any CPU = Release|Any CPU
	EndGlobalSection
	GlobalSection(SolutionProperties) = preSolution
		HideSolutionNode = FALSE
	EndGlobalSection
	GlobalSection(ProjectConfigurationPlatforms) = postSolution
		{9AEE3F46-B4C4-41D0-8133-006F11F7EBAA}.Debug|Any CPU.ActiveCfg = Debug|Any CPU
		{9AEE3F46-B4C4-41D0-8133-006F11F7EBAA}.Debug|Any CPU.Build.0 = Debug|Any CPU
		{9AEE3F46-B4C4-41D0-8133-006F11F7EBAA}.Release|Any CPU.ActiveCfg = Release|Any CPU
		{9AEE3F46-B4C4-41D0-8133-006F11F7EBAA}.Release|Any CPU.Build.0 = Release|Any CPU
		{C3A81295-A0A5-4004-873E-6D5FE7BDE622}.Debug|Any CPU.ActiveCfg = Debug|Any CPU
		{C3A81295-A0A5-4004-873E-6D5FE7BDE622}.Debug|Any CPU.Build.0 = Debug|Any CPU
		{C3A81295-A0A5-4004-873E-6D5FE7BDE622}.Release|Any CPU.ActiveCfg = Release|Any CPU
		{C3A81295-A0A5-4004-873E-6D5FE7BDE622}.Release|Any CPU.Build.0 = Release|Any CPU
		{9FF781DD-1F8E-446E-86CF-63AE36A77C45}.Debug|Any CPU.ActiveCfg = Debug|Any CPU
		{9FF781DD-1F8E-446E-86CF-63AE36A77C45}.Debug|Any CPU.Build.0 = Debug|Any CPU
		{9FF781DD-1F8E-446E-86CF-63AE36A77C45}.Release|Any CPU.ActiveCfg = Release|Any CPU
		{9FF781DD-1F8E-446E-86CF-63AE36A77C45}.Release|Any CPU.Build.0 = Release|Any CPU
		{B05954BB-A27A-435F-9BEC-512A112ACF71}.Debug|Any CPU.ActiveCfg = Debug|Any CPU
		{B05954BB-A27A-435F-9BEC-512A112ACF71}.Debug|Any CPU.Build.0 = Debug|Any CPU
		{B05954BB-A27A-435F-9BEC-512A112ACF71}.Release|Any CPU.ActiveCfg = Release|Any CPU
		{B05954BB-A27A-435F-9BEC-512A112ACF71}.Release|Any CPU.Build.0 = Release|Any CPU
		{94F565D7-14E5-4B14-BCE1-01E0DE42E24F}.Debug|Any CPU.ActiveCfg = Debug|Any CPU
		{94F565D7-14E5-4B14-BCE1-01E0DE42E24F}.Debug|Any CPU.Build.0 = Debug|Any CPU
		{94F565D7-14E5-4B14-BCE1-01E0DE42E24F}.Release|Any CPU.ActiveCfg = Release|Any CPU
		{94F565D7-14E5-4B14-BCE1-01E0DE42E24F}.Release|Any CPU.Build.0 = Release|Any CPU
		{6073157D-06F7-42C3-9597-FF39EE8BC7A1}.Debug|Any CPU.ActiveCfg = Debug|Any CPU
		{6073157D-06F7-42C3-9597-FF39EE8BC7A1}.Debug|Any CPU.Build.0 = Debug|Any CPU
		{6073157D-06F7-42C3-9597-FF39EE8BC7A1}.Release|Any CPU.ActiveCfg = Release|Any CPU
		{6073157D-06F7-42C3-9597-FF39EE8BC7A1}.Release|Any CPU.Build.0 = Release|Any CPU
		{E08D63C9-E88C-447C-86CF-6E6346C604E5}.Debug|Any CPU.ActiveCfg = Debug|Any CPU
		{E08D63C9-E88C-447C-86CF-6E6346C604E5}.Debug|Any CPU.Build.0 = Debug|Any CPU
		{E08D63C9-E88C-447C-86CF-6E6346C604E5}.Release|Any CPU.ActiveCfg = Release|Any CPU
		{E08D63C9-E88C-447C-86CF-6E6346C604E5}.Release|Any CPU.Build.0 = Release|Any CPU
		{881ABACB-6177-4A18-8C07-5E18F1F2550D}.Debug|Any CPU.ActiveCfg = Debug|Any CPU
		{881ABACB-6177-4A18-8C07-5E18F1F2550D}.Debug|Any CPU.Build.0 = Debug|Any CPU
		{881ABACB-6177-4A18-8C07-5E18F1F2550D}.Release|Any CPU.ActiveCfg = Release|Any CPU
		{881ABACB-6177-4A18-8C07-5E18F1F2550D}.Release|Any CPU.Build.0 = Release|Any CPU
		{244EB9B6-C229-47A9-9947-FF0ED172A867}.Debug|Any CPU.ActiveCfg = Debug|Any CPU
		{244EB9B6-C229-47A9-9947-FF0ED172A867}.Debug|Any CPU.Build.0 = Debug|Any CPU
		{244EB9B6-C229-47A9-9947-FF0ED172A867}.Release|Any CPU.ActiveCfg = Release|Any CPU
		{244EB9B6-C229-47A9-9947-FF0ED172A867}.Release|Any CPU.Build.0 = Release|Any CPU
		{DC31AC04-01C9-41AB-A993-589FE1D8EA5B}.Debug|Any CPU.ActiveCfg = Debug|Any CPU
		{DC31AC04-01C9-41AB-A993-589FE1D8EA5B}.Debug|Any CPU.Build.0 = Debug|Any CPU
		{DC31AC04-01C9-41AB-A993-589FE1D8EA5B}.Release|Any CPU.ActiveCfg = Release|Any CPU
		{DC31AC04-01C9-41AB-A993-589FE1D8EA5B}.Release|Any CPU.Build.0 = Release|Any CPU
		{68E3467A-8716-44D8-B789-4F971DDC66E7}.Debug|Any CPU.ActiveCfg = Debug|Any CPU
		{68E3467A-8716-44D8-B789-4F971DDC66E7}.Debug|Any CPU.Build.0 = Debug|Any CPU
		{68E3467A-8716-44D8-B789-4F971DDC66E7}.Release|Any CPU.ActiveCfg = Release|Any CPU
		{68E3467A-8716-44D8-B789-4F971DDC66E7}.Release|Any CPU.Build.0 = Release|Any CPU
		{AA5DFA79-08C9-4C7D-9BC9-3D234ABB71DD}.Debug|Any CPU.ActiveCfg = Debug|Any CPU
		{AA5DFA79-08C9-4C7D-9BC9-3D234ABB71DD}.Debug|Any CPU.Build.0 = Debug|Any CPU
		{AA5DFA79-08C9-4C7D-9BC9-3D234ABB71DD}.Release|Any CPU.ActiveCfg = Release|Any CPU
		{AA5DFA79-08C9-4C7D-9BC9-3D234ABB71DD}.Release|Any CPU.Build.0 = Release|Any CPU
		{9E54152B-B440-41B6-B2C8-E33E8E78DD53}.Debug|Any CPU.ActiveCfg = Debug|Any CPU
		{9E54152B-B440-41B6-B2C8-E33E8E78DD53}.Debug|Any CPU.Build.0 = Debug|Any CPU
		{9E54152B-B440-41B6-B2C8-E33E8E78DD53}.Release|Any CPU.ActiveCfg = Release|Any CPU
		{9E54152B-B440-41B6-B2C8-E33E8E78DD53}.Release|Any CPU.Build.0 = Release|Any CPU
		{2C2DFD28-E934-41A1-82F8-4F41413B0A93}.Debug|Any CPU.ActiveCfg = Debug|Any CPU
		{2C2DFD28-E934-41A1-82F8-4F41413B0A93}.Debug|Any CPU.Build.0 = Debug|Any CPU
		{2C2DFD28-E934-41A1-82F8-4F41413B0A93}.Release|Any CPU.ActiveCfg = Release|Any CPU
		{2C2DFD28-E934-41A1-82F8-4F41413B0A93}.Release|Any CPU.Build.0 = Release|Any CPU
		{F7FA7323-5926-43CB-8610-11B2A67BCD43}.Debug|Any CPU.ActiveCfg = Debug|Any CPU
		{F7FA7323-5926-43CB-8610-11B2A67BCD43}.Debug|Any CPU.Build.0 = Debug|Any CPU
		{F7FA7323-5926-43CB-8610-11B2A67BCD43}.Release|Any CPU.ActiveCfg = Release|Any CPU
		{F7FA7323-5926-43CB-8610-11B2A67BCD43}.Release|Any CPU.Build.0 = Release|Any CPU
		{2DA294D3-F677-4E5C-A835-A7789265B568}.Debug|Any CPU.ActiveCfg = Debug|Any CPU
		{2DA294D3-F677-4E5C-A835-A7789265B568}.Debug|Any CPU.Build.0 = Debug|Any CPU
		{2DA294D3-F677-4E5C-A835-A7789265B568}.Release|Any CPU.ActiveCfg = Release|Any CPU
		{2DA294D3-F677-4E5C-A835-A7789265B568}.Release|Any CPU.Build.0 = Release|Any CPU
		{30CAD91F-B792-43B9-8037-815882B414BC}.Debug|Any CPU.ActiveCfg = Debug|Any CPU
		{30CAD91F-B792-43B9-8037-815882B414BC}.Debug|Any CPU.Build.0 = Debug|Any CPU
		{30CAD91F-B792-43B9-8037-815882B414BC}.Release|Any CPU.ActiveCfg = Release|Any CPU
		{30CAD91F-B792-43B9-8037-815882B414BC}.Release|Any CPU.Build.0 = Release|Any CPU
		{C2FF4983-3140-4D6A-93B9-940DD532AB46}.Debug|Any CPU.ActiveCfg = Debug|Any CPU
		{C2FF4983-3140-4D6A-93B9-940DD532AB46}.Debug|Any CPU.Build.0 = Debug|Any CPU
		{C2FF4983-3140-4D6A-93B9-940DD532AB46}.Release|Any CPU.ActiveCfg = Release|Any CPU
		{C2FF4983-3140-4D6A-93B9-940DD532AB46}.Release|Any CPU.Build.0 = Release|Any CPU
		{8FA9715D-3944-41C7-90CC-F3FB671DFD60}.Debug|Any CPU.ActiveCfg = Debug|Any CPU
		{8FA9715D-3944-41C7-90CC-F3FB671DFD60}.Debug|Any CPU.Build.0 = Debug|Any CPU
		{8FA9715D-3944-41C7-90CC-F3FB671DFD60}.Release|Any CPU.ActiveCfg = Release|Any CPU
		{8FA9715D-3944-41C7-90CC-F3FB671DFD60}.Release|Any CPU.Build.0 = Release|Any CPU
		{698CA72B-07E2-485F-BE63-7EA24960C45F}.Debug|Any CPU.ActiveCfg = Debug|Any CPU
		{698CA72B-07E2-485F-BE63-7EA24960C45F}.Debug|Any CPU.Build.0 = Debug|Any CPU
		{698CA72B-07E2-485F-BE63-7EA24960C45F}.Release|Any CPU.ActiveCfg = Release|Any CPU
		{698CA72B-07E2-485F-BE63-7EA24960C45F}.Release|Any CPU.Build.0 = Release|Any CPU
	EndGlobalSection
	GlobalSection(NestedProjects) = preSolution
		{74BD8290-266D-4244-9907-87B24FF7AE10} = {63E9A179-9C00-4B21-975F-00D42FB7706C}
		{9AEE3F46-B4C4-41D0-8133-006F11F7EBAA} = {74BD8290-266D-4244-9907-87B24FF7AE10}
		{C3A81295-A0A5-4004-873E-6D5FE7BDE622} = {74BD8290-266D-4244-9907-87B24FF7AE10}
		{94B42217-3A14-43C9-A9C5-0D47B302047C} = {63E9A179-9C00-4B21-975F-00D42FB7706C}
		{9FF781DD-1F8E-446E-86CF-63AE36A77C45} = {94B42217-3A14-43C9-A9C5-0D47B302047C}
		{951F6494-413C-4A57-A0E1-940B3B1C47F9} = {E791E42F-B6FE-48EB-BA99-B94D92A0BC8E}
		{121051A3-2515-43B3-A90B-CACD7E5F024E} = {951F6494-413C-4A57-A0E1-940B3B1C47F9}
		{B05954BB-A27A-435F-9BEC-512A112ACF71} = {121051A3-2515-43B3-A90B-CACD7E5F024E}
		{94F565D7-14E5-4B14-BCE1-01E0DE42E24F} = {121051A3-2515-43B3-A90B-CACD7E5F024E}
		{6073157D-06F7-42C3-9597-FF39EE8BC7A1} = {121051A3-2515-43B3-A90B-CACD7E5F024E}
		{E08D63C9-E88C-447C-86CF-6E6346C604E5} = {121051A3-2515-43B3-A90B-CACD7E5F024E}
		{881ABACB-6177-4A18-8C07-5E18F1F2550D} = {121051A3-2515-43B3-A90B-CACD7E5F024E}
		{63BB57B1-8083-4803-A80D-17E44CDBF5EA} = {951F6494-413C-4A57-A0E1-940B3B1C47F9}
		{244EB9B6-C229-47A9-9947-FF0ED172A867} = {63BB57B1-8083-4803-A80D-17E44CDBF5EA}
		{DC31AC04-01C9-41AB-A993-589FE1D8EA5B} = {63BB57B1-8083-4803-A80D-17E44CDBF5EA}
		{7044F63C-117F-45CC-BE91-BC04BB2879E9} = {E791E42F-B6FE-48EB-BA99-B94D92A0BC8E}
		{4B2B0CE6-7BC0-43D4-BEF5-5B984D7F4F77} = {7044F63C-117F-45CC-BE91-BC04BB2879E9}
		{68E3467A-8716-44D8-B789-4F971DDC66E7} = {4B2B0CE6-7BC0-43D4-BEF5-5B984D7F4F77}
		{AA5DFA79-08C9-4C7D-9BC9-3D234ABB71DD} = {4B2B0CE6-7BC0-43D4-BEF5-5B984D7F4F77}
		{9E54152B-B440-41B6-B2C8-E33E8E78DD53} = {4B2B0CE6-7BC0-43D4-BEF5-5B984D7F4F77}
		{2C2DFD28-E934-41A1-82F8-4F41413B0A93} = {4B2B0CE6-7BC0-43D4-BEF5-5B984D7F4F77}
		{F7FA7323-5926-43CB-8610-11B2A67BCD43} = {4B2B0CE6-7BC0-43D4-BEF5-5B984D7F4F77}
		{B20D743B-BD47-45FD-8E47-7901E195677C} = {7044F63C-117F-45CC-BE91-BC04BB2879E9}
		{2DA294D3-F677-4E5C-A835-A7789265B568} = {B20D743B-BD47-45FD-8E47-7901E195677C}
		{30CAD91F-B792-43B9-8037-815882B414BC} = {B20D743B-BD47-45FD-8E47-7901E195677C}
		{C2FF4983-3140-4D6A-93B9-940DD532AB46} = {63BB57B1-8083-4803-A80D-17E44CDBF5EA}
		{8FA9715D-3944-41C7-90CC-F3FB671DFD60} = {B20D743B-BD47-45FD-8E47-7901E195677C}
		{D9359467-E9AE-4DE5-9390-4B46336BD8D7} = {E791E42F-B6FE-48EB-BA99-B94D92A0BC8E}
		{698CA72B-07E2-485F-BE63-7EA24960C45F} = {D9359467-E9AE-4DE5-9390-4B46336BD8D7}
	EndGlobalSection
EndGlobal
