
Microsoft Visual Studio Solution File, Format Version 12.00
# Visual Studio Version 17
VisualStudioVersion = 17.0.31903.59
MinimumVisualStudioVersion = 10.0.40219.1
Project("{2150E333-8FDC-42A3-9474-1A3956D46DE8}") = "Abstractions", "Abstractions", "{ADC669A7-DDA0-4D43-9A2D-45B0492DA55A}"
EndProject
Project("{2150E333-8FDC-42A3-9474-1A3956D46DE8}") = "Backends", "Backends", "{CCF6E969-A479-4842-B76D-08C815C320FF}"
EndProject
Project("{2150E333-8FDC-42A3-9474-1A3956D46DE8}") = "GymManagement", "GymManagement", "{D2168905-096A-4E86-B2DE-2B5B8C1F6A20}"
EndProject
Project("{2150E333-8FDC-42A3-9474-1A3956D46DE8}") = "Src", "Src", "{DFAA6735-A0E0-4224-943B-8D212833BD67}"
EndProject
Project("{FAE04EC0-301F-11D3-BF4B-00C04F79EFBC}") = "GymManagement.Application", "Backends\GymManagement\Src\GymManagement.Application\GymManagement.Application.csproj", "{5F652CD5-5576-4C23-A727-0E89FD47F26A}"
EndProject
Project("{FAE04EC0-301F-11D3-BF4B-00C04F79EFBC}") = "GymManagement.Domain", "Backends\GymManagement\Src\GymManagement.Domain\GymManagement.Domain.csproj", "{A608DA99-5205-488E-ABBB-2D34BDDD71C8}"
EndProject
Project("{2150E333-8FDC-42A3-9474-1A3956D46DE8}") = "Tests", "Tests", "{FEB78779-8A86-4409-86B0-02D8E234F4A2}"
EndProject
Project("{FAE04EC0-301F-11D3-BF4B-00C04F79EFBC}") = "GymManagement.Tests.Unit", "Backends\GymManagement\Tests\GymManagement.Tests.Unit\GymManagement.Tests.Unit.csproj", "{D63DEA52-3420-43FD-B2DE-CD51C02E648C}"
EndProject
Project("{2150E333-8FDC-42A3-9474-1A3956D46DE8}") = "Frameworks", "Frameworks", "{51A47D8F-9763-4BE5-90F3-E9FF8983DB9F}"
EndProject
Project("{2150E333-8FDC-42A3-9474-1A3956D46DE8}") = "Src", "Src", "{32318A65-96BF-4309-A59D-7F24D4A9F8E0}"
EndProject
Project("{2150E333-8FDC-42A3-9474-1A3956D46DE8}") = "Tests", "Tests", "{87C2D21A-B236-4F54-87F6-EF8D242E2C6A}"
EndProject
Project("{FAE04EC0-301F-11D3-BF4B-00C04F79EFBC}") = "GymManagement", "Backends\GymManagement\Src\GymManagement\GymManagement.csproj", "{713C2D56-F062-47DC-8716-BB6CD8FDF07D}"
EndProject
Project("{FAE04EC0-301F-11D3-BF4B-00C04F79EFBC}") = "GymManagement.Adapters.Infrastructure", "Backends\GymManagement\Src\GymManagement.Adapters.Infrastructure\GymManagement.Adapters.Infrastructure.csproj", "{F9C5B6DB-9D47-413F-81E2-55D8BCF7BAE8}"
EndProject
Project("{FAE04EC0-301F-11D3-BF4B-00C04F79EFBC}") = "GymManagement.Adapters.Presentation", "Backends\GymManagement\Src\GymManagement.Adapters.Presentation\GymManagement.Adapters.Presentation.csproj", "{CFE9B6AD-0AC1-4AE9-A3A6-2B5EA89060FB}"
EndProject
Project("{FAE04EC0-301F-11D3-BF4B-00C04F79EFBC}") = "GymManagement.Adapters.Persistence", "Backends\GymManagement\Src\GymManagement.Adapters.Persistence\GymManagement.Adapters.Persistence.csproj", "{78ECE679-FFA3-4FFF-BCB2-E44652589F0F}"
EndProject
Project("{FAE04EC0-301F-11D3-BF4B-00C04F79EFBC}") = "GymManagement.Tests.Integration", "Backends\GymManagement\Tests\GymManagement.Tests.Integration\GymManagement.Tests.Integration.csproj", "{C34086B5-DF73-47D6-883A-D8959016B7A6}"
EndProject
Project("{FAE04EC0-301F-11D3-BF4B-00C04F79EFBC}") = "GymDdd.Framework", "Abstractions\Frameworks\Src\GymDdd.Framework\GymDdd.Framework.csproj", "{9DCF6528-9708-4BC1-89A7-92855755EAE3}"
EndProject
Project("{FAE04EC0-301F-11D3-BF4B-00C04F79EFBC}") = "GymDdd.Framework.Tests.Unit", "Abstractions\Frameworks\Tests\GymDdd.Framework.Tests.Unit\GymDdd.Framework.Tests.Unit.csproj", "{F87DEAB2-08AA-4C62-88DB-4F1F46876D96}"
EndProject
Project("{FAE04EC0-301F-11D3-BF4B-00C04F79EFBC}") = "GymDdd.Framework.WebApi", "Abstractions\Frameworks\Src\GymDdd.Framework.WebApi\GymDdd.Framework.WebApi.csproj", "{3A825E5B-5E60-44CC-A465-F03598A3BD28}"
EndProject
Project("{2150E333-8FDC-42A3-9474-1A3956D46DE8}") = "SourceGenerators", "SourceGenerators", "{F55E7B07-7054-471D-B480-FEE6D4477B59}"
EndProject
Project("{2150E333-8FDC-42A3-9474-1A3956D46DE8}") = "Src", "Src", "{3B7915A3-0C54-4DA6-B44D-DE2E5BDD2450}"
EndProject
Project("{2150E333-8FDC-42A3-9474-1A3956D46DE8}") = "Tests", "Tests", "{A2ADC783-004A-496F-926F-C557D71F5FF6}"
EndProject
Project("{FAE04EC0-301F-11D3-BF4B-00C04F79EFBC}") = "GymDdd.SourceGenerator", "Abstractions\SourceGenerators\Src\GymDdd.SourceGenerator\GymDdd.SourceGenerator.csproj", "{7251B6D7-C0EC-4D20-8703-F7CE8B95F198}"
EndProject
Project("{FAE04EC0-301F-11D3-BF4B-00C04F79EFBC}") = "GymDdd.SourceGenerator.Tests.Unit", "Abstractions\SourceGenerators\Tests\GymDdd.SourceGenerator.Tests.Unit\GymDdd.SourceGenerator.Tests.Unit.csproj", "{373AD61C-3270-4B3E-A54D-31242CA249F5}"
EndProject
Project("{FAE04EC0-301F-11D3-BF4B-00C04F79EFBC}") = "GymManagement.Tests.Scenario", "Backends\GymManagement\Tests\GymManagement.Tests.Scenario\GymManagement.Tests.Scenario.csproj", "{5AFC0018-B776-4BF1-ACAC-F680276137A5}"
EndProject
Project("{2150E333-8FDC-42A3-9474-1A3956D46DE8}") = "Tests", "Tests", "{C1F4594D-388A-4787-B1F8-81241AF7388E}"
EndProject
Project("{FAE04EC0-301F-11D3-BF4B-00C04F79EFBC}") = "GymDdd.Tests.Architecture", "Tests\GymDdd.Tests.Architecture\GymDdd.Tests.Architecture.csproj", "{F2F81799-24FA-4B42-A7D9-EB91D6193310}"
EndProject
Global
	GlobalSection(SolutionConfigurationPlatforms) = preSolution
		Debug|Any CPU = Debug|Any CPU
		Release|Any CPU = Release|Any CPU
	EndGlobalSection
	GlobalSection(ProjectConfigurationPlatforms) = postSolution
		{5F652CD5-5576-4C23-A727-0E89FD47F26A}.Debug|Any CPU.ActiveCfg = Debug|Any CPU
		{5F652CD5-5576-4C23-A727-0E89FD47F26A}.Debug|Any CPU.Build.0 = Debug|Any CPU
		{5F652CD5-5576-4C23-A727-0E89FD47F26A}.Release|Any CPU.ActiveCfg = Release|Any CPU
		{5F652CD5-5576-4C23-A727-0E89FD47F26A}.Release|Any CPU.Build.0 = Release|Any CPU
		{A608DA99-5205-488E-ABBB-2D34BDDD71C8}.Debug|Any CPU.ActiveCfg = Debug|Any CPU
		{A608DA99-5205-488E-ABBB-2D34BDDD71C8}.Debug|Any CPU.Build.0 = Debug|Any CPU
		{A608DA99-5205-488E-ABBB-2D34BDDD71C8}.Release|Any CPU.ActiveCfg = Release|Any CPU
		{A608DA99-5205-488E-ABBB-2D34BDDD71C8}.Release|Any CPU.Build.0 = Release|Any CPU
		{D63DEA52-3420-43FD-B2DE-CD51C02E648C}.Debug|Any CPU.ActiveCfg = Debug|Any CPU
		{D63DEA52-3420-43FD-B2DE-CD51C02E648C}.Debug|Any CPU.Build.0 = Debug|Any CPU
		{D63DEA52-3420-43FD-B2DE-CD51C02E648C}.Release|Any CPU.ActiveCfg = Release|Any CPU
		{D63DEA52-3420-43FD-B2DE-CD51C02E648C}.Release|Any CPU.Build.0 = Release|Any CPU
		{713C2D56-F062-47DC-8716-BB6CD8FDF07D}.Debug|Any CPU.ActiveCfg = Debug|Any CPU
		{713C2D56-F062-47DC-8716-BB6CD8FDF07D}.Debug|Any CPU.Build.0 = Debug|Any CPU
		{713C2D56-F062-47DC-8716-BB6CD8FDF07D}.Release|Any CPU.ActiveCfg = Release|Any CPU
		{713C2D56-F062-47DC-8716-BB6CD8FDF07D}.Release|Any CPU.Build.0 = Release|Any CPU
		{F9C5B6DB-9D47-413F-81E2-55D8BCF7BAE8}.Debug|Any CPU.ActiveCfg = Debug|Any CPU
		{F9C5B6DB-9D47-413F-81E2-55D8BCF7BAE8}.Debug|Any CPU.Build.0 = Debug|Any CPU
		{F9C5B6DB-9D47-413F-81E2-55D8BCF7BAE8}.Release|Any CPU.ActiveCfg = Release|Any CPU
		{F9C5B6DB-9D47-413F-81E2-55D8BCF7BAE8}.Release|Any CPU.Build.0 = Release|Any CPU
		{CFE9B6AD-0AC1-4AE9-A3A6-2B5EA89060FB}.Debug|Any CPU.ActiveCfg = Debug|Any CPU
		{CFE9B6AD-0AC1-4AE9-A3A6-2B5EA89060FB}.Debug|Any CPU.Build.0 = Debug|Any CPU
		{CFE9B6AD-0AC1-4AE9-A3A6-2B5EA89060FB}.Release|Any CPU.ActiveCfg = Release|Any CPU
		{CFE9B6AD-0AC1-4AE9-A3A6-2B5EA89060FB}.Release|Any CPU.Build.0 = Release|Any CPU
		{78ECE679-FFA3-4FFF-BCB2-E44652589F0F}.Debug|Any CPU.ActiveCfg = Debug|Any CPU
		{78ECE679-FFA3-4FFF-BCB2-E44652589F0F}.Debug|Any CPU.Build.0 = Debug|Any CPU
		{78ECE679-FFA3-4FFF-BCB2-E44652589F0F}.Release|Any CPU.ActiveCfg = Release|Any CPU
		{78ECE679-FFA3-4FFF-BCB2-E44652589F0F}.Release|Any CPU.Build.0 = Release|Any CPU
		{C34086B5-DF73-47D6-883A-D8959016B7A6}.Debug|Any CPU.ActiveCfg = Debug|Any CPU
		{C34086B5-DF73-47D6-883A-D8959016B7A6}.Debug|Any CPU.Build.0 = Debug|Any CPU
		{C34086B5-DF73-47D6-883A-D8959016B7A6}.Release|Any CPU.ActiveCfg = Release|Any CPU
		{C34086B5-DF73-47D6-883A-D8959016B7A6}.Release|Any CPU.Build.0 = Release|Any CPU
		{9DCF6528-9708-4BC1-89A7-92855755EAE3}.Debug|Any CPU.ActiveCfg = Debug|Any CPU
		{9DCF6528-9708-4BC1-89A7-92855755EAE3}.Debug|Any CPU.Build.0 = Debug|Any CPU
		{9DCF6528-9708-4BC1-89A7-92855755EAE3}.Release|Any CPU.ActiveCfg = Release|Any CPU
		{9DCF6528-9708-4BC1-89A7-92855755EAE3}.Release|Any CPU.Build.0 = Release|Any CPU
		{F87DEAB2-08AA-4C62-88DB-4F1F46876D96}.Debug|Any CPU.ActiveCfg = Debug|Any CPU
		{F87DEAB2-08AA-4C62-88DB-4F1F46876D96}.Debug|Any CPU.Build.0 = Debug|Any CPU
		{F87DEAB2-08AA-4C62-88DB-4F1F46876D96}.Release|Any CPU.ActiveCfg = Release|Any CPU
		{F87DEAB2-08AA-4C62-88DB-4F1F46876D96}.Release|Any CPU.Build.0 = Release|Any CPU
		{3A825E5B-5E60-44CC-A465-F03598A3BD28}.Debug|Any CPU.ActiveCfg = Debug|Any CPU
		{3A825E5B-5E60-44CC-A465-F03598A3BD28}.Debug|Any CPU.Build.0 = Debug|Any CPU
		{3A825E5B-5E60-44CC-A465-F03598A3BD28}.Release|Any CPU.ActiveCfg = Release|Any CPU
		{3A825E5B-5E60-44CC-A465-F03598A3BD28}.Release|Any CPU.Build.0 = Release|Any CPU
		{7251B6D7-C0EC-4D20-8703-F7CE8B95F198}.Debug|Any CPU.ActiveCfg = Debug|Any CPU
		{7251B6D7-C0EC-4D20-8703-F7CE8B95F198}.Debug|Any CPU.Build.0 = Debug|Any CPU
		{7251B6D7-C0EC-4D20-8703-F7CE8B95F198}.Release|Any CPU.ActiveCfg = Release|Any CPU
		{7251B6D7-C0EC-4D20-8703-F7CE8B95F198}.Release|Any CPU.Build.0 = Release|Any CPU
		{373AD61C-3270-4B3E-A54D-31242CA249F5}.Debug|Any CPU.ActiveCfg = Debug|Any CPU
		{373AD61C-3270-4B3E-A54D-31242CA249F5}.Debug|Any CPU.Build.0 = Debug|Any CPU
		{373AD61C-3270-4B3E-A54D-31242CA249F5}.Release|Any CPU.ActiveCfg = Release|Any CPU
		{373AD61C-3270-4B3E-A54D-31242CA249F5}.Release|Any CPU.Build.0 = Release|Any CPU
		{5AFC0018-B776-4BF1-ACAC-F680276137A5}.Debug|Any CPU.ActiveCfg = Debug|Any CPU
		{5AFC0018-B776-4BF1-ACAC-F680276137A5}.Debug|Any CPU.Build.0 = Debug|Any CPU
		{5AFC0018-B776-4BF1-ACAC-F680276137A5}.Release|Any CPU.ActiveCfg = Release|Any CPU
		{5AFC0018-B776-4BF1-ACAC-F680276137A5}.Release|Any CPU.Build.0 = Release|Any CPU
		{F2F81799-24FA-4B42-A7D9-EB91D6193310}.Debug|Any CPU.ActiveCfg = Debug|Any CPU
		{F2F81799-24FA-4B42-A7D9-EB91D6193310}.Debug|Any CPU.Build.0 = Debug|Any CPU
		{F2F81799-24FA-4B42-A7D9-EB91D6193310}.Release|Any CPU.ActiveCfg = Release|Any CPU
		{F2F81799-24FA-4B42-A7D9-EB91D6193310}.Release|Any CPU.Build.0 = Release|Any CPU
	EndGlobalSection
	GlobalSection(SolutionProperties) = preSolution
		HideSolutionNode = FALSE
	EndGlobalSection
	GlobalSection(NestedProjects) = preSolution
		{D2168905-096A-4E86-B2DE-2B5B8C1F6A20} = {CCF6E969-A479-4842-B76D-08C815C320FF}
		{DFAA6735-A0E0-4224-943B-8D212833BD67} = {D2168905-096A-4E86-B2DE-2B5B8C1F6A20}
		{5F652CD5-5576-4C23-A727-0E89FD47F26A} = {DFAA6735-A0E0-4224-943B-8D212833BD67}
		{A608DA99-5205-488E-ABBB-2D34BDDD71C8} = {DFAA6735-A0E0-4224-943B-8D212833BD67}
		{FEB78779-8A86-4409-86B0-02D8E234F4A2} = {D2168905-096A-4E86-B2DE-2B5B8C1F6A20}
		{D63DEA52-3420-43FD-B2DE-CD51C02E648C} = {FEB78779-8A86-4409-86B0-02D8E234F4A2}
		{51A47D8F-9763-4BE5-90F3-E9FF8983DB9F} = {ADC669A7-DDA0-4D43-9A2D-45B0492DA55A}
		{32318A65-96BF-4309-A59D-7F24D4A9F8E0} = {51A47D8F-9763-4BE5-90F3-E9FF8983DB9F}
		{87C2D21A-B236-4F54-87F6-EF8D242E2C6A} = {51A47D8F-9763-4BE5-90F3-E9FF8983DB9F}
		{713C2D56-F062-47DC-8716-BB6CD8FDF07D} = {DFAA6735-A0E0-4224-943B-8D212833BD67}
		{F9C5B6DB-9D47-413F-81E2-55D8BCF7BAE8} = {DFAA6735-A0E0-4224-943B-8D212833BD67}
		{CFE9B6AD-0AC1-4AE9-A3A6-2B5EA89060FB} = {DFAA6735-A0E0-4224-943B-8D212833BD67}
		{78ECE679-FFA3-4FFF-BCB2-E44652589F0F} = {DFAA6735-A0E0-4224-943B-8D212833BD67}
		{C34086B5-DF73-47D6-883A-D8959016B7A6} = {FEB78779-8A86-4409-86B0-02D8E234F4A2}
		{9DCF6528-9708-4BC1-89A7-92855755EAE3} = {32318A65-96BF-4309-A59D-7F24D4A9F8E0}
		{F87DEAB2-08AA-4C62-88DB-4F1F46876D96} = {87C2D21A-B236-4F54-87F6-EF8D242E2C6A}
		{3A825E5B-5E60-44CC-A465-F03598A3BD28} = {32318A65-96BF-4309-A59D-7F24D4A9F8E0}
		{F55E7B07-7054-471D-B480-FEE6D4477B59} = {ADC669A7-DDA0-4D43-9A2D-45B0492DA55A}
		{3B7915A3-0C54-4DA6-B44D-DE2E5BDD2450} = {F55E7B07-7054-471D-B480-FEE6D4477B59}
		{A2ADC783-004A-496F-926F-C557D71F5FF6} = {F55E7B07-7054-471D-B480-FEE6D4477B59}
		{7251B6D7-C0EC-4D20-8703-F7CE8B95F198} = {3B7915A3-0C54-4DA6-B44D-DE2E5BDD2450}
		{373AD61C-3270-4B3E-A54D-31242CA249F5} = {A2ADC783-004A-496F-926F-C557D71F5FF6}
		{5AFC0018-B776-4BF1-ACAC-F680276137A5} = {FEB78779-8A86-4409-86B0-02D8E234F4A2}
		{F2F81799-24FA-4B42-A7D9-EB91D6193310} = {C1F4594D-388A-4787-B1F8-81241AF7388E}
	EndGlobalSection
EndGlobal
