
Microsoft Visual Studio Solution File, Format Version 12.00
# Visual Studio Version 17
VisualStudioVersion = 17.0.31903.59
MinimumVisualStudioVersion = 10.0.40219.1
Project("{2150E333-8FDC-42A3-9474-1A3956D46DE8}") = "Assets", "Assets", "{36FFFAB5-2686-4AE6-9340-53F99658E59F}"
EndProject
Project("{2150E333-8FDC-42A3-9474-1A3956D46DE8}") = "Domains", "Domains", "{7EBB8EB9-17EA-4763-8DD8-3B3F755594D8}"
EndProject
Project("{2150E333-8FDC-42A3-9474-1A3956D46DE8}") = "Src", "Src", "{37C57710-0E1F-46B1-8605-DF3909156129}"
EndProject
Project("{FAE04EC0-301F-11D3-BF4B-00C04F79EFBC}") = "Crop.Hello.Domain", "Assets\Domains\Src\Crop.Hello.Domain\Crop.Hello.Domain.csproj", "{4AD32066-EFA0-4A66-B8FE-4888097830EF}"
EndProject
Project("{2150E333-8FDC-42A3-9474-1A3956D46DE8}") = "Tests", "Tests", "{EBFF36C0-9175-41AD-BA58-EF3915BDEB22}"
EndProject
Project("{FAE04EC0-301F-11D3-BF4B-00C04F79EFBC}") = "Crop.Hello.Domain.Unit", "Assets\Domains\Tests\Crop.Hello.Domain.Unit\Crop.Hello.Domain.Unit.csproj", "{159A4EAA-8B6A-4E77-9AF2-6949D95E05CA}"
EndProject
Project("{2150E333-8FDC-42A3-9474-1A3956D46DE8}") = "Frameworks", "Frameworks", "{2964061D-F0D9-46C4-8B14-1260C39A893F}"
EndProject
Project("{2150E333-8FDC-42A3-9474-1A3956D46DE8}") = "Src", "Src", "{4C17EEFB-1DC6-4D04-B0DE-09679BD1A18E}"
EndProject
Project("{FAE04EC0-301F-11D3-BF4B-00C04F79EFBC}") = "Crop.Hello.Framework", "Assets\Frameworks\Src\Crop.Hello.Framework\Crop.Hello.Framework.csproj", "{9AF378F0-CFC1-4EC3-8790-EF65DFD501A7}"
EndProject
Project("{FAE04EC0-301F-11D3-BF4B-00C04F79EFBC}") = "Crop.Hello.Framework.Contracts", "Assets\Frameworks\Src\Crop.Hello.Framework.Contracts\Crop.Hello.Framework.Contracts.csproj", "{A3808EF2-DCA7-4023-B8AB-8F5935E161EC}"
EndProject
Project("{2150E333-8FDC-42A3-9474-1A3956D46DE8}") = "Tests", "Tests", "{1EC62238-7A69-4CE0-9A5E-281AA232D9FE}"
EndProject
Project("{FAE04EC0-301F-11D3-BF4B-00C04F79EFBC}") = "Crop.Hello.Framework.Tests.Unit", "Assets\Frameworks\Tests\Crop.Hello.Framework.Tests.Unit\Crop.Hello.Framework.Tests.Unit.csproj", "{69FE2367-25E6-48F7-AD79-DD83BC469D80}"
EndProject
Project("{2150E333-8FDC-42A3-9474-1A3956D46DE8}") = "Backend", "Backend", "{4F41F10D-5F00-4212-A38A-ACE6F93E6D67}"
EndProject
Project("{2150E333-8FDC-42A3-9474-1A3956D46DE8}") = "Api", "Api", "{FD01829D-6546-4CED-BE2D-DC46B4E245ED}"
EndProject
Project("{2150E333-8FDC-42A3-9474-1A3956D46DE8}") = "Src", "Src", "{649735A3-84BF-4327-B124-8DA2C98F03C2}"
EndProject
Project("{FAE04EC0-301F-11D3-BF4B-00C04F79EFBC}") = "Crop.Hello.Api", "Backend\Api\Src\Crop.Hello.Api\Crop.Hello.Api.csproj", "{C9F7BBE7-14A4-4820-AD37-2B94EF348F68}"
EndProject
Project("{FAE04EC0-301F-11D3-BF4B-00C04F79EFBC}") = "Crop.Hello.Api.Adapters.Infrastructure", "Backend\Api\Src\Crop.Hello.Api.Adapters.Infrastructure\Crop.Hello.Api.Adapters.Infrastructure.csproj", "{7F679524-5094-4C06-966B-2D34FC1499C1}"
EndProject
Project("{FAE04EC0-301F-11D3-BF4B-00C04F79EFBC}") = "Crop.Hello.Api.Adapters.Persistence", "Backend\Api\Src\Crop.Hello.Api.Adapters.Persistence\Crop.Hello.Api.Adapters.Persistence.csproj", "{4B674B04-2E4A-4D2F-B2C9-68E6C393123A}"
EndProject
Project("{FAE04EC0-301F-11D3-BF4B-00C04F79EFBC}") = "Crop.Hello.Api.Application", "Backend\Api\Src\Crop.Hello.Api.Application\Crop.Hello.Api.Application.csproj", "{72707F60-7B87-4C37-A871-ECA5746BC3BC}"
EndProject
Project("{FAE04EC0-301F-11D3-BF4B-00C04F79EFBC}") = "Crop.Hello.Api.Domain", "Backend\Api\Src\Crop.Hello.Api.Domain\Crop.Hello.Api.Domain.csproj", "{EE2C722E-E7F1-4484-987D-E139B574219A}"
EndProject
Project("{2150E333-8FDC-42A3-9474-1A3956D46DE8}") = "Tests", "Tests", "{D9367B5B-4C3A-4518-B54C-745588C66852}"
EndProject
Project("{FAE04EC0-301F-11D3-BF4B-00C04F79EFBC}") = "Crop.Hello.Api.Tests.Integration", "Backend\Api\Tests\Crop.Hello.Api.Tests.Integration\Crop.Hello.Api.Tests.Integration.csproj", "{EC721640-48A7-4B48-BBB1-006A4A2A4D22}"
EndProject
Project("{FAE04EC0-301F-11D3-BF4B-00C04F79EFBC}") = "Crop.Hello.Api.Tests.Unit", "Backend\Api\Tests\Crop.Hello.Api.Tests.Unit\Crop.Hello.Api.Tests.Unit.csproj", "{1CD602D3-A145-4C49-AFCB-A38898B475A7}"
EndProject
Project("{2150E333-8FDC-42A3-9474-1A3956D46DE8}") = "Master", "Master", "{CF16B01F-C86F-4FEE-8B5F-730A6605A544}"
EndProject
Project("{2150E333-8FDC-42A3-9474-1A3956D46DE8}") = "Src", "Src", "{A66C9031-38D0-47D2-8B09-5E5231294E13}"
EndProject
Project("{FAE04EC0-301F-11D3-BF4B-00C04F79EFBC}") = "Crop.Hello.Master", "Backend\Master\Src\Crop.Hello.Master\Crop.Hello.Master.csproj", "{1D8C161B-C88C-4CA5-A166-3B115D292AF1}"
EndProject
Project("{FAE04EC0-301F-11D3-BF4B-00C04F79EFBC}") = "Crop.Hello.Master.Adapters.Infrastructure", "Backend\Master\Src\Crop.Hello.Master.Adapters.Infrastructure\Crop.Hello.Master.Adapters.Infrastructure.csproj", "{BE4B9857-6C1F-496E-B19E-B38B3F406B6D}"
EndProject
Project("{FAE04EC0-301F-11D3-BF4B-00C04F79EFBC}") = "Crop.Hello.Master.Adapters.Persistence", "Backend\Master\Src\Crop.Hello.Master.Adapters.Persistence\Crop.Hello.Master.Adapters.Persistence.csproj", "{EF2A82AD-F0F2-43F9-A5CC-B1A08568F125}"
EndProject
Project("{FAE04EC0-301F-11D3-BF4B-00C04F79EFBC}") = "Crop.Hello.Master.Application", "Backend\Master\Src\Crop.Hello.Master.Application\Crop.Hello.Master.Application.csproj", "{34E0D5E9-FFB2-445B-B208-73E63FD26C78}"
EndProject
Project("{FAE04EC0-301F-11D3-BF4B-00C04F79EFBC}") = "Crop.Hello.Master.Domain", "Backend\Master\Src\Crop.Hello.Master.Domain\Crop.Hello.Master.Domain.csproj", "{F6E72610-61BA-4500-9A4E-18050A9A0EE2}"
EndProject
Project("{2150E333-8FDC-42A3-9474-1A3956D46DE8}") = "Tests", "Tests", "{39B4852E-41F4-4E8B-83CA-6EF9FC064D71}"
EndProject
Project("{FAE04EC0-301F-11D3-BF4B-00C04F79EFBC}") = "Crop.Hello.Master.Tests.Integration", "Backend\Master\Tests\Crop.Hello.Master.Tests.Integration\Crop.Hello.Master.Tests.Integration.csproj", "{C834940F-5D0D-4669-8467-DA90CAD7EAB6}"
EndProject
Project("{FAE04EC0-301F-11D3-BF4B-00C04F79EFBC}") = "Crop.Hello.Master.Tests.Unit", "Backend\Master\Tests\Crop.Hello.Master.Tests.Unit\Crop.Hello.Master.Tests.Unit.csproj", "{426E0E29-BC0D-4496-BE81-CB5FD0381FBE}"
EndProject
Project("{2150E333-8FDC-42A3-9474-1A3956D46DE8}") = "Tests", "Tests", "{B9256889-91DA-4F61-9401-3A0EB8793EB6}"
EndProject
Project("{FAE04EC0-301F-11D3-BF4B-00C04F79EFBC}") = "Crop.Hello.Tests.E2E", "Backend\Tests\Crop.Hello.Tests.E2E\Crop.Hello.Tests.E2E.csproj", "{A5809F7E-68CF-46FD-8008-1B1AF916EE17}"
EndProject
Global
	GlobalSection(SolutionConfigurationPlatforms) = preSolution
		Debug|Any CPU = Debug|Any CPU
		Release|Any CPU = Release|Any CPU
	EndGlobalSection
	GlobalSection(SolutionProperties) = preSolution
		HideSolutionNode = FALSE
	EndGlobalSection
	GlobalSection(ProjectConfigurationPlatforms) = postSolution
		{4AD32066-EFA0-4A66-B8FE-4888097830EF}.Debug|Any CPU.ActiveCfg = Debug|Any CPU
		{4AD32066-EFA0-4A66-B8FE-4888097830EF}.Debug|Any CPU.Build.0 = Debug|Any CPU
		{4AD32066-EFA0-4A66-B8FE-4888097830EF}.Release|Any CPU.ActiveCfg = Release|Any CPU
		{4AD32066-EFA0-4A66-B8FE-4888097830EF}.Release|Any CPU.Build.0 = Release|Any CPU
		{159A4EAA-8B6A-4E77-9AF2-6949D95E05CA}.Debug|Any CPU.ActiveCfg = Debug|Any CPU
		{159A4EAA-8B6A-4E77-9AF2-6949D95E05CA}.Debug|Any CPU.Build.0 = Debug|Any CPU
		{159A4EAA-8B6A-4E77-9AF2-6949D95E05CA}.Release|Any CPU.ActiveCfg = Release|Any CPU
		{159A4EAA-8B6A-4E77-9AF2-6949D95E05CA}.Release|Any CPU.Build.0 = Release|Any CPU
		{9AF378F0-CFC1-4EC3-8790-EF65DFD501A7}.Debug|Any CPU.ActiveCfg = Debug|Any CPU
		{9AF378F0-CFC1-4EC3-8790-EF65DFD501A7}.Debug|Any CPU.Build.0 = Debug|Any CPU
		{9AF378F0-CFC1-4EC3-8790-EF65DFD501A7}.Release|Any CPU.ActiveCfg = Release|Any CPU
		{9AF378F0-CFC1-4EC3-8790-EF65DFD501A7}.Release|Any CPU.Build.0 = Release|Any CPU
		{A3808EF2-DCA7-4023-B8AB-8F5935E161EC}.Debug|Any CPU.ActiveCfg = Debug|Any CPU
		{A3808EF2-DCA7-4023-B8AB-8F5935E161EC}.Debug|Any CPU.Build.0 = Debug|Any CPU
		{A3808EF2-DCA7-4023-B8AB-8F5935E161EC}.Release|Any CPU.ActiveCfg = Release|Any CPU
		{A3808EF2-DCA7-4023-B8AB-8F5935E161EC}.Release|Any CPU.Build.0 = Release|Any CPU
		{69FE2367-25E6-48F7-AD79-DD83BC469D80}.Debug|Any CPU.ActiveCfg = Debug|Any CPU
		{69FE2367-25E6-48F7-AD79-DD83BC469D80}.Debug|Any CPU.Build.0 = Debug|Any CPU
		{69FE2367-25E6-48F7-AD79-DD83BC469D80}.Release|Any CPU.ActiveCfg = Release|Any CPU
		{69FE2367-25E6-48F7-AD79-DD83BC469D80}.Release|Any CPU.Build.0 = Release|Any CPU
		{C9F7BBE7-14A4-4820-AD37-2B94EF348F68}.Debug|Any CPU.ActiveCfg = Debug|Any CPU
		{C9F7BBE7-14A4-4820-AD37-2B94EF348F68}.Debug|Any CPU.Build.0 = Debug|Any CPU
		{C9F7BBE7-14A4-4820-AD37-2B94EF348F68}.Release|Any CPU.ActiveCfg = Release|Any CPU
		{C9F7BBE7-14A4-4820-AD37-2B94EF348F68}.Release|Any CPU.Build.0 = Release|Any CPU
		{7F679524-5094-4C06-966B-2D34FC1499C1}.Debug|Any CPU.ActiveCfg = Debug|Any CPU
		{7F679524-5094-4C06-966B-2D34FC1499C1}.Debug|Any CPU.Build.0 = Debug|Any CPU
		{7F679524-5094-4C06-966B-2D34FC1499C1}.Release|Any CPU.ActiveCfg = Release|Any CPU
		{7F679524-5094-4C06-966B-2D34FC1499C1}.Release|Any CPU.Build.0 = Release|Any CPU
		{4B674B04-2E4A-4D2F-B2C9-68E6C393123A}.Debug|Any CPU.ActiveCfg = Debug|Any CPU
		{4B674B04-2E4A-4D2F-B2C9-68E6C393123A}.Debug|Any CPU.Build.0 = Debug|Any CPU
		{4B674B04-2E4A-4D2F-B2C9-68E6C393123A}.Release|Any CPU.ActiveCfg = Release|Any CPU
		{4B674B04-2E4A-4D2F-B2C9-68E6C393123A}.Release|Any CPU.Build.0 = Release|Any CPU
		{72707F60-7B87-4C37-A871-ECA5746BC3BC}.Debug|Any CPU.ActiveCfg = Debug|Any CPU
		{72707F60-7B87-4C37-A871-ECA5746BC3BC}.Debug|Any CPU.Build.0 = Debug|Any CPU
		{72707F60-7B87-4C37-A871-ECA5746BC3BC}.Release|Any CPU.ActiveCfg = Release|Any CPU
		{72707F60-7B87-4C37-A871-ECA5746BC3BC}.Release|Any CPU.Build.0 = Release|Any CPU
		{EE2C722E-E7F1-4484-987D-E139B574219A}.Debug|Any CPU.ActiveCfg = Debug|Any CPU
		{EE2C722E-E7F1-4484-987D-E139B574219A}.Debug|Any CPU.Build.0 = Debug|Any CPU
		{EE2C722E-E7F1-4484-987D-E139B574219A}.Release|Any CPU.ActiveCfg = Release|Any CPU
		{EE2C722E-E7F1-4484-987D-E139B574219A}.Release|Any CPU.Build.0 = Release|Any CPU
		{EC721640-48A7-4B48-BBB1-006A4A2A4D22}.Debug|Any CPU.ActiveCfg = Debug|Any CPU
		{EC721640-48A7-4B48-BBB1-006A4A2A4D22}.Debug|Any CPU.Build.0 = Debug|Any CPU
		{EC721640-48A7-4B48-BBB1-006A4A2A4D22}.Release|Any CPU.ActiveCfg = Release|Any CPU
		{EC721640-48A7-4B48-BBB1-006A4A2A4D22}.Release|Any CPU.Build.0 = Release|Any CPU
		{1CD602D3-A145-4C49-AFCB-A38898B475A7}.Debug|Any CPU.ActiveCfg = Debug|Any CPU
		{1CD602D3-A145-4C49-AFCB-A38898B475A7}.Debug|Any CPU.Build.0 = Debug|Any CPU
		{1CD602D3-A145-4C49-AFCB-A38898B475A7}.Release|Any CPU.ActiveCfg = Release|Any CPU
		{1CD602D3-A145-4C49-AFCB-A38898B475A7}.Release|Any CPU.Build.0 = Release|Any CPU
		{1D8C161B-C88C-4CA5-A166-3B115D292AF1}.Debug|Any CPU.ActiveCfg = Debug|Any CPU
		{1D8C161B-C88C-4CA5-A166-3B115D292AF1}.Debug|Any CPU.Build.0 = Debug|Any CPU
		{1D8C161B-C88C-4CA5-A166-3B115D292AF1}.Release|Any CPU.ActiveCfg = Release|Any CPU
		{1D8C161B-C88C-4CA5-A166-3B115D292AF1}.Release|Any CPU.Build.0 = Release|Any CPU
		{BE4B9857-6C1F-496E-B19E-B38B3F406B6D}.Debug|Any CPU.ActiveCfg = Debug|Any CPU
		{BE4B9857-6C1F-496E-B19E-B38B3F406B6D}.Debug|Any CPU.Build.0 = Debug|Any CPU
		{BE4B9857-6C1F-496E-B19E-B38B3F406B6D}.Release|Any CPU.ActiveCfg = Release|Any CPU
		{BE4B9857-6C1F-496E-B19E-B38B3F406B6D}.Release|Any CPU.Build.0 = Release|Any CPU
		{EF2A82AD-F0F2-43F9-A5CC-B1A08568F125}.Debug|Any CPU.ActiveCfg = Debug|Any CPU
		{EF2A82AD-F0F2-43F9-A5CC-B1A08568F125}.Debug|Any CPU.Build.0 = Debug|Any CPU
		{EF2A82AD-F0F2-43F9-A5CC-B1A08568F125}.Release|Any CPU.ActiveCfg = Release|Any CPU
		{EF2A82AD-F0F2-43F9-A5CC-B1A08568F125}.Release|Any CPU.Build.0 = Release|Any CPU
		{34E0D5E9-FFB2-445B-B208-73E63FD26C78}.Debug|Any CPU.ActiveCfg = Debug|Any CPU
		{34E0D5E9-FFB2-445B-B208-73E63FD26C78}.Debug|Any CPU.Build.0 = Debug|Any CPU
		{34E0D5E9-FFB2-445B-B208-73E63FD26C78}.Release|Any CPU.ActiveCfg = Release|Any CPU
		{34E0D5E9-FFB2-445B-B208-73E63FD26C78}.Release|Any CPU.Build.0 = Release|Any CPU
		{F6E72610-61BA-4500-9A4E-18050A9A0EE2}.Debug|Any CPU.ActiveCfg = Debug|Any CPU
		{F6E72610-61BA-4500-9A4E-18050A9A0EE2}.Debug|Any CPU.Build.0 = Debug|Any CPU
		{F6E72610-61BA-4500-9A4E-18050A9A0EE2}.Release|Any CPU.ActiveCfg = Release|Any CPU
		{F6E72610-61BA-4500-9A4E-18050A9A0EE2}.Release|Any CPU.Build.0 = Release|Any CPU
		{C834940F-5D0D-4669-8467-DA90CAD7EAB6}.Debug|Any CPU.ActiveCfg = Debug|Any CPU
		{C834940F-5D0D-4669-8467-DA90CAD7EAB6}.Debug|Any CPU.Build.0 = Debug|Any CPU
		{C834940F-5D0D-4669-8467-DA90CAD7EAB6}.Release|Any CPU.ActiveCfg = Release|Any CPU
		{C834940F-5D0D-4669-8467-DA90CAD7EAB6}.Release|Any CPU.Build.0 = Release|Any CPU
		{426E0E29-BC0D-4496-BE81-CB5FD0381FBE}.Debug|Any CPU.ActiveCfg = Debug|Any CPU
		{426E0E29-BC0D-4496-BE81-CB5FD0381FBE}.Debug|Any CPU.Build.0 = Debug|Any CPU
		{426E0E29-BC0D-4496-BE81-CB5FD0381FBE}.Release|Any CPU.ActiveCfg = Release|Any CPU
		{426E0E29-BC0D-4496-BE81-CB5FD0381FBE}.Release|Any CPU.Build.0 = Release|Any CPU
		{A5809F7E-68CF-46FD-8008-1B1AF916EE17}.Debug|Any CPU.ActiveCfg = Debug|Any CPU
		{A5809F7E-68CF-46FD-8008-1B1AF916EE17}.Debug|Any CPU.Build.0 = Debug|Any CPU
		{A5809F7E-68CF-46FD-8008-1B1AF916EE17}.Release|Any CPU.ActiveCfg = Release|Any CPU
		{A5809F7E-68CF-46FD-8008-1B1AF916EE17}.Release|Any CPU.Build.0 = Release|Any CPU
	EndGlobalSection
	GlobalSection(NestedProjects) = preSolution
		{7EBB8EB9-17EA-4763-8DD8-3B3F755594D8} = {36FFFAB5-2686-4AE6-9340-53F99658E59F}
		{37C57710-0E1F-46B1-8605-DF3909156129} = {7EBB8EB9-17EA-4763-8DD8-3B3F755594D8}
		{4AD32066-EFA0-4A66-B8FE-4888097830EF} = {37C57710-0E1F-46B1-8605-DF3909156129}
		{EBFF36C0-9175-41AD-BA58-EF3915BDEB22} = {7EBB8EB9-17EA-4763-8DD8-3B3F755594D8}
		{159A4EAA-8B6A-4E77-9AF2-6949D95E05CA} = {EBFF36C0-9175-41AD-BA58-EF3915BDEB22}
		{2964061D-F0D9-46C4-8B14-1260C39A893F} = {36FFFAB5-2686-4AE6-9340-53F99658E59F}
		{4C17EEFB-1DC6-4D04-B0DE-09679BD1A18E} = {2964061D-F0D9-46C4-8B14-1260C39A893F}
		{9AF378F0-CFC1-4EC3-8790-EF65DFD501A7} = {4C17EEFB-1DC6-4D04-B0DE-09679BD1A18E}
		{A3808EF2-DCA7-4023-B8AB-8F5935E161EC} = {4C17EEFB-1DC6-4D04-B0DE-09679BD1A18E}
		{1EC62238-7A69-4CE0-9A5E-281AA232D9FE} = {2964061D-F0D9-46C4-8B14-1260C39A893F}
		{69FE2367-25E6-48F7-AD79-DD83BC469D80} = {1EC62238-7A69-4CE0-9A5E-281AA232D9FE}
		{FD01829D-6546-4CED-BE2D-DC46B4E245ED} = {4F41F10D-5F00-4212-A38A-ACE6F93E6D67}
		{649735A3-84BF-4327-B124-8DA2C98F03C2} = {FD01829D-6546-4CED-BE2D-DC46B4E245ED}
		{C9F7BBE7-14A4-4820-AD37-2B94EF348F68} = {649735A3-84BF-4327-B124-8DA2C98F03C2}
		{7F679524-5094-4C06-966B-2D34FC1499C1} = {649735A3-84BF-4327-B124-8DA2C98F03C2}
		{4B674B04-2E4A-4D2F-B2C9-68E6C393123A} = {649735A3-84BF-4327-B124-8DA2C98F03C2}
		{72707F60-7B87-4C37-A871-ECA5746BC3BC} = {649735A3-84BF-4327-B124-8DA2C98F03C2}
		{EE2C722E-E7F1-4484-987D-E139B574219A} = {649735A3-84BF-4327-B124-8DA2C98F03C2}
		{D9367B5B-4C3A-4518-B54C-745588C66852} = {FD01829D-6546-4CED-BE2D-DC46B4E245ED}
		{EC721640-48A7-4B48-BBB1-006A4A2A4D22} = {D9367B5B-4C3A-4518-B54C-745588C66852}
		{1CD602D3-A145-4C49-AFCB-A38898B475A7} = {D9367B5B-4C3A-4518-B54C-745588C66852}
		{CF16B01F-C86F-4FEE-8B5F-730A6605A544} = {4F41F10D-5F00-4212-A38A-ACE6F93E6D67}
		{A66C9031-38D0-47D2-8B09-5E5231294E13} = {CF16B01F-C86F-4FEE-8B5F-730A6605A544}
		{1D8C161B-C88C-4CA5-A166-3B115D292AF1} = {A66C9031-38D0-47D2-8B09-5E5231294E13}
		{BE4B9857-6C1F-496E-B19E-B38B3F406B6D} = {A66C9031-38D0-47D2-8B09-5E5231294E13}
		{EF2A82AD-F0F2-43F9-A5CC-B1A08568F125} = {A66C9031-38D0-47D2-8B09-5E5231294E13}
		{34E0D5E9-FFB2-445B-B208-73E63FD26C78} = {A66C9031-38D0-47D2-8B09-5E5231294E13}
		{F6E72610-61BA-4500-9A4E-18050A9A0EE2} = {A66C9031-38D0-47D2-8B09-5E5231294E13}
		{39B4852E-41F4-4E8B-83CA-6EF9FC064D71} = {CF16B01F-C86F-4FEE-8B5F-730A6605A544}
		{C834940F-5D0D-4669-8467-DA90CAD7EAB6} = {39B4852E-41F4-4E8B-83CA-6EF9FC064D71}
		{426E0E29-BC0D-4496-BE81-CB5FD0381FBE} = {39B4852E-41F4-4E8B-83CA-6EF9FC064D71}
		{B9256889-91DA-4F61-9401-3A0EB8793EB6} = {4F41F10D-5F00-4212-A38A-ACE6F93E6D67}
		{A5809F7E-68CF-46FD-8008-1B1AF916EE17} = {B9256889-91DA-4F61-9401-3A0EB8793EB6}
	EndGlobalSection
EndGlobal
