
Microsoft Visual Studio Solution File, Format Version 12.00
# Visual Studio Version 17
VisualStudioVersion = 17.0.31903.59
MinimumVisualStudioVersion = 10.0.40219.1
Project("{2150E333-8FDC-42A3-9474-1A3956D46DE8}") = "Assets", "Assets", "{9C0CE1C9-16B0-43A0-A9A2-7C5731AA5A23}"
EndProject
Project("{2150E333-8FDC-42A3-9474-1A3956D46DE8}") = "Domains", "Domains", "{21676B27-3E0B-456E-AAD6-7E298DAA9440}"
EndProject
Project("{2150E333-8FDC-42A3-9474-1A3956D46DE8}") = "Src", "Src", "{ACFFE7F1-7235-48AD-A7DA-E687A662C833}"
EndProject
Project("{FAE04EC0-301F-11D3-BF4B-00C04F79EFBC}") = "Crop.Hello.Domain", "Assets\Domains\Src\Crop.Hello.Domain\Crop.Hello.Domain.csproj", "{1791FD58-A458-4EF2-B0C4-C5B734CC01F1}"
EndProject
Project("{2150E333-8FDC-42A3-9474-1A3956D46DE8}") = "Tests", "Tests", "{1B614208-D1CB-450A-8DCE-0D9E47BA7DAA}"
EndProject
Project("{FAE04EC0-301F-11D3-BF4B-00C04F79EFBC}") = "Crop.Hello.Domain.Unit", "Assets\Domains\Tests\Crop.Hello.Domain.Unit\Crop.Hello.Domain.Unit.csproj", "{3934D219-C2FC-48C7-93A0-9B13DC6F7DD1}"
EndProject
Project("{2150E333-8FDC-42A3-9474-1A3956D46DE8}") = "Frameworks", "Frameworks", "{4C78FAA2-9C03-4B09-A360-BC74A237AE61}"
EndProject
Project("{2150E333-8FDC-42A3-9474-1A3956D46DE8}") = "Src", "Src", "{034FA685-8285-46D9-8195-4D3221769E13}"
EndProject
Project("{FAE04EC0-301F-11D3-BF4B-00C04F79EFBC}") = "Crop.Hello.Framework", "Assets\Frameworks\Src\Crop.Hello.Framework\Crop.Hello.Framework.csproj", "{592F4CCC-8F1B-4B35-AB89-E7767BF213C3}"
EndProject
Project("{FAE04EC0-301F-11D3-BF4B-00C04F79EFBC}") = "Crop.Hello.Framework.Contracts", "Assets\Frameworks\Src\Crop.Hello.Framework.Contracts\Crop.Hello.Framework.Contracts.csproj", "{B32EB340-43FF-4F22-BFA7-131175E8AA11}"
EndProject
Project("{2150E333-8FDC-42A3-9474-1A3956D46DE8}") = "Tests", "Tests", "{E4160B5C-FDDF-4246-B99D-D304F580BC86}"
EndProject
Project("{FAE04EC0-301F-11D3-BF4B-00C04F79EFBC}") = "Crop.Hello.Framework.Tests.Unit", "Assets\Frameworks\Tests\Crop.Hello.Framework.Tests.Unit\Crop.Hello.Framework.Tests.Unit.csproj", "{B9E5E7FC-E52E-4B84-B819-876362322DFB}"
EndProject
Project("{2150E333-8FDC-42A3-9474-1A3956D46DE8}") = "Backend", "Backend", "{8B032A25-B9E0-4A3D-A33B-0EB5130B1E01}"
EndProject
Project("{2150E333-8FDC-42A3-9474-1A3956D46DE8}") = "Api", "Api", "{2E715666-B71C-4FC2-9FB8-3147040E1A2A}"
EndProject
Project("{2150E333-8FDC-42A3-9474-1A3956D46DE8}") = "Src", "Src", "{711A9B44-DA0C-42EE-9824-AC6B0CABDAE2}"
EndProject
Project("{FAE04EC0-301F-11D3-BF4B-00C04F79EFBC}") = "Crop.Hello.Api", "Backend\Api\Src\Crop.Hello.Api\Crop.Hello.Api.csproj", "{68006746-C259-408B-8F69-81BA29659349}"
EndProject
Project("{FAE04EC0-301F-11D3-BF4B-00C04F79EFBC}") = "Crop.Hello.Api.Adapters.Infrastructure", "Backend\Api\Src\Crop.Hello.Api.Adapters.Infrastructure\Crop.Hello.Api.Adapters.Infrastructure.csproj", "{6FF54D2B-CF9B-4FFF-B0F4-BB3A1C5AA8C4}"
EndProject
Project("{FAE04EC0-301F-11D3-BF4B-00C04F79EFBC}") = "Crop.Hello.Api.Adapters.Persistence", "Backend\Api\Src\Crop.Hello.Api.Adapters.Persistence\Crop.Hello.Api.Adapters.Persistence.csproj", "{6D55C084-1503-4380-8DA6-9D06B0F8EC6F}"
EndProject
Project("{FAE04EC0-301F-11D3-BF4B-00C04F79EFBC}") = "Crop.Hello.Api.Application", "Backend\Api\Src\Crop.Hello.Api.Application\Crop.Hello.Api.Application.csproj", "{82BCF892-0FAB-464B-9BA9-4D6B4C9610AF}"
EndProject
Project("{FAE04EC0-301F-11D3-BF4B-00C04F79EFBC}") = "Crop.Hello.Api.Domain", "Backend\Api\Src\Crop.Hello.Api.Domain\Crop.Hello.Api.Domain.csproj", "{65F54E7B-81B1-4736-8EFB-9A4E14A5B14A}"
EndProject
Project("{2150E333-8FDC-42A3-9474-1A3956D46DE8}") = "Tests", "Tests", "{DF59349B-11BA-40D3-9E20-B2249E2A6E0A}"
EndProject
Project("{FAE04EC0-301F-11D3-BF4B-00C04F79EFBC}") = "Crop.Hello.Api.Tests.Integration", "Backend\Api\Tests\Crop.Hello.Api.Tests.Integration\Crop.Hello.Api.Tests.Integration.csproj", "{B833BA89-E05B-4336-B770-46D13B14460F}"
EndProject
Project("{FAE04EC0-301F-11D3-BF4B-00C04F79EFBC}") = "Crop.Hello.Api.Tests.Unit", "Backend\Api\Tests\Crop.Hello.Api.Tests.Unit\Crop.Hello.Api.Tests.Unit.csproj", "{097A0C8C-D1D6-4A81-96D9-42A62F16E29A}"
EndProject
Project("{2150E333-8FDC-42A3-9474-1A3956D46DE8}") = "Master", "Master", "{F6C9FC2E-687C-47C1-9D6C-9203AAEE3E7E}"
EndProject
Project("{2150E333-8FDC-42A3-9474-1A3956D46DE8}") = "Src", "Src", "{1FE4BD7E-629A-46A5-9BC3-6B59D0399C94}"
EndProject
Project("{FAE04EC0-301F-11D3-BF4B-00C04F79EFBC}") = "Crop.Hello.Master", "Backend\Master\Src\Crop.Hello.Master\Crop.Hello.Master.csproj", "{93326671-06AD-42CB-9EC6-0D7ED95E389C}"
EndProject
Project("{FAE04EC0-301F-11D3-BF4B-00C04F79EFBC}") = "Crop.Hello.Master.Adapters.Infrastructure", "Backend\Master\Src\Crop.Hello.Master.Adapters.Infrastructure\Crop.Hello.Master.Adapters.Infrastructure.csproj", "{6BE697D4-CD3A-4F48-8C89-4B8F5F8B2BA6}"
EndProject
Project("{FAE04EC0-301F-11D3-BF4B-00C04F79EFBC}") = "Crop.Hello.Master.Adapters.Persistence", "Backend\Master\Src\Crop.Hello.Master.Adapters.Persistence\Crop.Hello.Master.Adapters.Persistence.csproj", "{8F8D8CD9-3EF4-41F1-92EC-6D9EAA60E081}"
EndProject
Project("{FAE04EC0-301F-11D3-BF4B-00C04F79EFBC}") = "Crop.Hello.Master.Application", "Backend\Master\Src\Crop.Hello.Master.Application\Crop.Hello.Master.Application.csproj", "{41CBDCE5-CFF3-4C60-A136-34EB1D18FCA0}"
EndProject
Project("{FAE04EC0-301F-11D3-BF4B-00C04F79EFBC}") = "Crop.Hello.Master.Domain", "Backend\Master\Src\Crop.Hello.Master.Domain\Crop.Hello.Master.Domain.csproj", "{3E64018E-A661-49E1-ADEE-39F6BDF23D12}"
EndProject
Project("{2150E333-8FDC-42A3-9474-1A3956D46DE8}") = "Tests", "Tests", "{BAB9B1C3-7359-4E2F-A96F-FDC0322A7CE6}"
EndProject
Project("{FAE04EC0-301F-11D3-BF4B-00C04F79EFBC}") = "Crop.Hello.Master.Tests.Integration", "Backend\Master\Tests\Crop.Hello.Master.Tests.Integration\Crop.Hello.Master.Tests.Integration.csproj", "{69D2D302-35D6-43BC-9B20-84789B405EE6}"
EndProject
Project("{FAE04EC0-301F-11D3-BF4B-00C04F79EFBC}") = "Crop.Hello.Master.Tests.Unit", "Backend\Master\Tests\Crop.Hello.Master.Tests.Unit\Crop.Hello.Master.Tests.Unit.csproj", "{FC7BFCCE-088E-4D94-8911-1F5CB2F3E0D6}"
EndProject
Project("{2150E333-8FDC-42A3-9474-1A3956D46DE8}") = "Tests", "Tests", "{B6964470-70C9-4296-9DD2-C239599249C9}"
EndProject
Project("{FAE04EC0-301F-11D3-BF4B-00C04F79EFBC}") = "Crop.Hello.Tests.E2E", "Backend\Tests\Crop.Hello.Tests.E2E\Crop.Hello.Tests.E2E.csproj", "{28C20BC5-029F-4687-B2B3-196CD6EC7BD9}"
EndProject
Global
	GlobalSection(SolutionConfigurationPlatforms) = preSolution
		Debug|Any CPU = Debug|Any CPU
		Release|Any CPU = Release|Any CPU
	EndGlobalSection
	GlobalSection(SolutionProperties) = preSolution
		HideSolutionNode = FALSE
	EndGlobalSection
	GlobalSection(ProjectConfigurationPlatforms) = postSolution
		{1791FD58-A458-4EF2-B0C4-C5B734CC01F1}.Debug|Any CPU.ActiveCfg = Debug|Any CPU
		{1791FD58-A458-4EF2-B0C4-C5B734CC01F1}.Debug|Any CPU.Build.0 = Debug|Any CPU
		{1791FD58-A458-4EF2-B0C4-C5B734CC01F1}.Release|Any CPU.ActiveCfg = Release|Any CPU
		{1791FD58-A458-4EF2-B0C4-C5B734CC01F1}.Release|Any CPU.Build.0 = Release|Any CPU
		{3934D219-C2FC-48C7-93A0-9B13DC6F7DD1}.Debug|Any CPU.ActiveCfg = Debug|Any CPU
		{3934D219-C2FC-48C7-93A0-9B13DC6F7DD1}.Debug|Any CPU.Build.0 = Debug|Any CPU
		{3934D219-C2FC-48C7-93A0-9B13DC6F7DD1}.Release|Any CPU.ActiveCfg = Release|Any CPU
		{3934D219-C2FC-48C7-93A0-9B13DC6F7DD1}.Release|Any CPU.Build.0 = Release|Any CPU
		{592F4CCC-8F1B-4B35-AB89-E7767BF213C3}.Debug|Any CPU.ActiveCfg = Debug|Any CPU
		{592F4CCC-8F1B-4B35-AB89-E7767BF213C3}.Debug|Any CPU.Build.0 = Debug|Any CPU
		{592F4CCC-8F1B-4B35-AB89-E7767BF213C3}.Release|Any CPU.ActiveCfg = Release|Any CPU
		{592F4CCC-8F1B-4B35-AB89-E7767BF213C3}.Release|Any CPU.Build.0 = Release|Any CPU
		{B32EB340-43FF-4F22-BFA7-131175E8AA11}.Debug|Any CPU.ActiveCfg = Debug|Any CPU
		{B32EB340-43FF-4F22-BFA7-131175E8AA11}.Debug|Any CPU.Build.0 = Debug|Any CPU
		{B32EB340-43FF-4F22-BFA7-131175E8AA11}.Release|Any CPU.ActiveCfg = Release|Any CPU
		{B32EB340-43FF-4F22-BFA7-131175E8AA11}.Release|Any CPU.Build.0 = Release|Any CPU
		{B9E5E7FC-E52E-4B84-B819-876362322DFB}.Debug|Any CPU.ActiveCfg = Debug|Any CPU
		{B9E5E7FC-E52E-4B84-B819-876362322DFB}.Debug|Any CPU.Build.0 = Debug|Any CPU
		{B9E5E7FC-E52E-4B84-B819-876362322DFB}.Release|Any CPU.ActiveCfg = Release|Any CPU
		{B9E5E7FC-E52E-4B84-B819-876362322DFB}.Release|Any CPU.Build.0 = Release|Any CPU
		{68006746-C259-408B-8F69-81BA29659349}.Debug|Any CPU.ActiveCfg = Debug|Any CPU
		{68006746-C259-408B-8F69-81BA29659349}.Debug|Any CPU.Build.0 = Debug|Any CPU
		{68006746-C259-408B-8F69-81BA29659349}.Release|Any CPU.ActiveCfg = Release|Any CPU
		{68006746-C259-408B-8F69-81BA29659349}.Release|Any CPU.Build.0 = Release|Any CPU
		{6FF54D2B-CF9B-4FFF-B0F4-BB3A1C5AA8C4}.Debug|Any CPU.ActiveCfg = Debug|Any CPU
		{6FF54D2B-CF9B-4FFF-B0F4-BB3A1C5AA8C4}.Debug|Any CPU.Build.0 = Debug|Any CPU
		{6FF54D2B-CF9B-4FFF-B0F4-BB3A1C5AA8C4}.Release|Any CPU.ActiveCfg = Release|Any CPU
		{6FF54D2B-CF9B-4FFF-B0F4-BB3A1C5AA8C4}.Release|Any CPU.Build.0 = Release|Any CPU
		{6D55C084-1503-4380-8DA6-9D06B0F8EC6F}.Debug|Any CPU.ActiveCfg = Debug|Any CPU
		{6D55C084-1503-4380-8DA6-9D06B0F8EC6F}.Debug|Any CPU.Build.0 = Debug|Any CPU
		{6D55C084-1503-4380-8DA6-9D06B0F8EC6F}.Release|Any CPU.ActiveCfg = Release|Any CPU
		{6D55C084-1503-4380-8DA6-9D06B0F8EC6F}.Release|Any CPU.Build.0 = Release|Any CPU
		{82BCF892-0FAB-464B-9BA9-4D6B4C9610AF}.Debug|Any CPU.ActiveCfg = Debug|Any CPU
		{82BCF892-0FAB-464B-9BA9-4D6B4C9610AF}.Debug|Any CPU.Build.0 = Debug|Any CPU
		{82BCF892-0FAB-464B-9BA9-4D6B4C9610AF}.Release|Any CPU.ActiveCfg = Release|Any CPU
		{82BCF892-0FAB-464B-9BA9-4D6B4C9610AF}.Release|Any CPU.Build.0 = Release|Any CPU
		{65F54E7B-81B1-4736-8EFB-9A4E14A5B14A}.Debug|Any CPU.ActiveCfg = Debug|Any CPU
		{65F54E7B-81B1-4736-8EFB-9A4E14A5B14A}.Debug|Any CPU.Build.0 = Debug|Any CPU
		{65F54E7B-81B1-4736-8EFB-9A4E14A5B14A}.Release|Any CPU.ActiveCfg = Release|Any CPU
		{65F54E7B-81B1-4736-8EFB-9A4E14A5B14A}.Release|Any CPU.Build.0 = Release|Any CPU
		{B833BA89-E05B-4336-B770-46D13B14460F}.Debug|Any CPU.ActiveCfg = Debug|Any CPU
		{B833BA89-E05B-4336-B770-46D13B14460F}.Debug|Any CPU.Build.0 = Debug|Any CPU
		{B833BA89-E05B-4336-B770-46D13B14460F}.Release|Any CPU.ActiveCfg = Release|Any CPU
		{B833BA89-E05B-4336-B770-46D13B14460F}.Release|Any CPU.Build.0 = Release|Any CPU
		{097A0C8C-D1D6-4A81-96D9-42A62F16E29A}.Debug|Any CPU.ActiveCfg = Debug|Any CPU
		{097A0C8C-D1D6-4A81-96D9-42A62F16E29A}.Debug|Any CPU.Build.0 = Debug|Any CPU
		{097A0C8C-D1D6-4A81-96D9-42A62F16E29A}.Release|Any CPU.ActiveCfg = Release|Any CPU
		{097A0C8C-D1D6-4A81-96D9-42A62F16E29A}.Release|Any CPU.Build.0 = Release|Any CPU
		{93326671-06AD-42CB-9EC6-0D7ED95E389C}.Debug|Any CPU.ActiveCfg = Debug|Any CPU
		{93326671-06AD-42CB-9EC6-0D7ED95E389C}.Debug|Any CPU.Build.0 = Debug|Any CPU
		{93326671-06AD-42CB-9EC6-0D7ED95E389C}.Release|Any CPU.ActiveCfg = Release|Any CPU
		{93326671-06AD-42CB-9EC6-0D7ED95E389C}.Release|Any CPU.Build.0 = Release|Any CPU
		{6BE697D4-CD3A-4F48-8C89-4B8F5F8B2BA6}.Debug|Any CPU.ActiveCfg = Debug|Any CPU
		{6BE697D4-CD3A-4F48-8C89-4B8F5F8B2BA6}.Debug|Any CPU.Build.0 = Debug|Any CPU
		{6BE697D4-CD3A-4F48-8C89-4B8F5F8B2BA6}.Release|Any CPU.ActiveCfg = Release|Any CPU
		{6BE697D4-CD3A-4F48-8C89-4B8F5F8B2BA6}.Release|Any CPU.Build.0 = Release|Any CPU
		{8F8D8CD9-3EF4-41F1-92EC-6D9EAA60E081}.Debug|Any CPU.ActiveCfg = Debug|Any CPU
		{8F8D8CD9-3EF4-41F1-92EC-6D9EAA60E081}.Debug|Any CPU.Build.0 = Debug|Any CPU
		{8F8D8CD9-3EF4-41F1-92EC-6D9EAA60E081}.Release|Any CPU.ActiveCfg = Release|Any CPU
		{8F8D8CD9-3EF4-41F1-92EC-6D9EAA60E081}.Release|Any CPU.Build.0 = Release|Any CPU
		{41CBDCE5-CFF3-4C60-A136-34EB1D18FCA0}.Debug|Any CPU.ActiveCfg = Debug|Any CPU
		{41CBDCE5-CFF3-4C60-A136-34EB1D18FCA0}.Debug|Any CPU.Build.0 = Debug|Any CPU
		{41CBDCE5-CFF3-4C60-A136-34EB1D18FCA0}.Release|Any CPU.ActiveCfg = Release|Any CPU
		{41CBDCE5-CFF3-4C60-A136-34EB1D18FCA0}.Release|Any CPU.Build.0 = Release|Any CPU
		{3E64018E-A661-49E1-ADEE-39F6BDF23D12}.Debug|Any CPU.ActiveCfg = Debug|Any CPU
		{3E64018E-A661-49E1-ADEE-39F6BDF23D12}.Debug|Any CPU.Build.0 = Debug|Any CPU
		{3E64018E-A661-49E1-ADEE-39F6BDF23D12}.Release|Any CPU.ActiveCfg = Release|Any CPU
		{3E64018E-A661-49E1-ADEE-39F6BDF23D12}.Release|Any CPU.Build.0 = Release|Any CPU
		{69D2D302-35D6-43BC-9B20-84789B405EE6}.Debug|Any CPU.ActiveCfg = Debug|Any CPU
		{69D2D302-35D6-43BC-9B20-84789B405EE6}.Debug|Any CPU.Build.0 = Debug|Any CPU
		{69D2D302-35D6-43BC-9B20-84789B405EE6}.Release|Any CPU.ActiveCfg = Release|Any CPU
		{69D2D302-35D6-43BC-9B20-84789B405EE6}.Release|Any CPU.Build.0 = Release|Any CPU
		{FC7BFCCE-088E-4D94-8911-1F5CB2F3E0D6}.Debug|Any CPU.ActiveCfg = Debug|Any CPU
		{FC7BFCCE-088E-4D94-8911-1F5CB2F3E0D6}.Debug|Any CPU.Build.0 = Debug|Any CPU
		{FC7BFCCE-088E-4D94-8911-1F5CB2F3E0D6}.Release|Any CPU.ActiveCfg = Release|Any CPU
		{FC7BFCCE-088E-4D94-8911-1F5CB2F3E0D6}.Release|Any CPU.Build.0 = Release|Any CPU
		{28C20BC5-029F-4687-B2B3-196CD6EC7BD9}.Debug|Any CPU.ActiveCfg = Debug|Any CPU
		{28C20BC5-029F-4687-B2B3-196CD6EC7BD9}.Debug|Any CPU.Build.0 = Debug|Any CPU
		{28C20BC5-029F-4687-B2B3-196CD6EC7BD9}.Release|Any CPU.ActiveCfg = Release|Any CPU
		{28C20BC5-029F-4687-B2B3-196CD6EC7BD9}.Release|Any CPU.Build.0 = Release|Any CPU
	EndGlobalSection
	GlobalSection(NestedProjects) = preSolution
		{21676B27-3E0B-456E-AAD6-7E298DAA9440} = {9C0CE1C9-16B0-43A0-A9A2-7C5731AA5A23}
		{ACFFE7F1-7235-48AD-A7DA-E687A662C833} = {21676B27-3E0B-456E-AAD6-7E298DAA9440}
		{1791FD58-A458-4EF2-B0C4-C5B734CC01F1} = {ACFFE7F1-7235-48AD-A7DA-E687A662C833}
		{1B614208-D1CB-450A-8DCE-0D9E47BA7DAA} = {21676B27-3E0B-456E-AAD6-7E298DAA9440}
		{3934D219-C2FC-48C7-93A0-9B13DC6F7DD1} = {1B614208-D1CB-450A-8DCE-0D9E47BA7DAA}
		{4C78FAA2-9C03-4B09-A360-BC74A237AE61} = {9C0CE1C9-16B0-43A0-A9A2-7C5731AA5A23}
		{034FA685-8285-46D9-8195-4D3221769E13} = {4C78FAA2-9C03-4B09-A360-BC74A237AE61}
		{592F4CCC-8F1B-4B35-AB89-E7767BF213C3} = {034FA685-8285-46D9-8195-4D3221769E13}
		{B32EB340-43FF-4F22-BFA7-131175E8AA11} = {034FA685-8285-46D9-8195-4D3221769E13}
		{E4160B5C-FDDF-4246-B99D-D304F580BC86} = {4C78FAA2-9C03-4B09-A360-BC74A237AE61}
		{B9E5E7FC-E52E-4B84-B819-876362322DFB} = {E4160B5C-FDDF-4246-B99D-D304F580BC86}
		{2E715666-B71C-4FC2-9FB8-3147040E1A2A} = {8B032A25-B9E0-4A3D-A33B-0EB5130B1E01}
		{711A9B44-DA0C-42EE-9824-AC6B0CABDAE2} = {2E715666-B71C-4FC2-9FB8-3147040E1A2A}
		{68006746-C259-408B-8F69-81BA29659349} = {711A9B44-DA0C-42EE-9824-AC6B0CABDAE2}
		{6FF54D2B-CF9B-4FFF-B0F4-BB3A1C5AA8C4} = {711A9B44-DA0C-42EE-9824-AC6B0CABDAE2}
		{6D55C084-1503-4380-8DA6-9D06B0F8EC6F} = {711A9B44-DA0C-42EE-9824-AC6B0CABDAE2}
		{82BCF892-0FAB-464B-9BA9-4D6B4C9610AF} = {711A9B44-DA0C-42EE-9824-AC6B0CABDAE2}
		{65F54E7B-81B1-4736-8EFB-9A4E14A5B14A} = {711A9B44-DA0C-42EE-9824-AC6B0CABDAE2}
		{DF59349B-11BA-40D3-9E20-B2249E2A6E0A} = {2E715666-B71C-4FC2-9FB8-3147040E1A2A}
		{B833BA89-E05B-4336-B770-46D13B14460F} = {DF59349B-11BA-40D3-9E20-B2249E2A6E0A}
		{097A0C8C-D1D6-4A81-96D9-42A62F16E29A} = {DF59349B-11BA-40D3-9E20-B2249E2A6E0A}
		{F6C9FC2E-687C-47C1-9D6C-9203AAEE3E7E} = {8B032A25-B9E0-4A3D-A33B-0EB5130B1E01}
		{1FE4BD7E-629A-46A5-9BC3-6B59D0399C94} = {F6C9FC2E-687C-47C1-9D6C-9203AAEE3E7E}
		{93326671-06AD-42CB-9EC6-0D7ED95E389C} = {1FE4BD7E-629A-46A5-9BC3-6B59D0399C94}
		{6BE697D4-CD3A-4F48-8C89-4B8F5F8B2BA6} = {1FE4BD7E-629A-46A5-9BC3-6B59D0399C94}
		{8F8D8CD9-3EF4-41F1-92EC-6D9EAA60E081} = {1FE4BD7E-629A-46A5-9BC3-6B59D0399C94}
		{41CBDCE5-CFF3-4C60-A136-34EB1D18FCA0} = {1FE4BD7E-629A-46A5-9BC3-6B59D0399C94}
		{3E64018E-A661-49E1-ADEE-39F6BDF23D12} = {1FE4BD7E-629A-46A5-9BC3-6B59D0399C94}
		{BAB9B1C3-7359-4E2F-A96F-FDC0322A7CE6} = {F6C9FC2E-687C-47C1-9D6C-9203AAEE3E7E}
		{69D2D302-35D6-43BC-9B20-84789B405EE6} = {BAB9B1C3-7359-4E2F-A96F-FDC0322A7CE6}
		{FC7BFCCE-088E-4D94-8911-1F5CB2F3E0D6} = {BAB9B1C3-7359-4E2F-A96F-FDC0322A7CE6}
		{B6964470-70C9-4296-9DD2-C239599249C9} = {8B032A25-B9E0-4A3D-A33B-0EB5130B1E01}
		{28C20BC5-029F-4687-B2B3-196CD6EC7BD9} = {B6964470-70C9-4296-9DD2-C239599249C9}
	EndGlobalSection
EndGlobal
