
Microsoft Visual Studio Solution File, Format Version 12.00
# Visual Studio Version 17
VisualStudioVersion = 17.0.31903.59
MinimumVisualStudioVersion = 10.0.40219.1
Project("{2150E333-8FDC-42A3-9474-1A3956D46DE8}") = "Abstraction", "Abstraction", "{E95C3D21-A728-46DC-BF5F-EF2A49E4238D}"
EndProject
Project("{2150E333-8FDC-42A3-9474-1A3956D46DE8}") = "Domains", "Domains", "{B69A6546-87EC-4AB2-8C8C-FD91B4755503}"
EndProject
Project("{2150E333-8FDC-42A3-9474-1A3956D46DE8}") = "Src", "Src", "{B5F205C5-1E20-4CBE-8BE2-9A923435D8F0}"
EndProject
Project("{FAE04EC0-301F-11D3-BF4B-00C04F79EFBC}") = "Crop.Hello.Domain", "Abstraction\Domains\Src\Crop.Hello.Domain\Crop.Hello.Domain.csproj", "{C26588E5-2972-4941-82C4-301396A1ECED}"
EndProject
Project("{2150E333-8FDC-42A3-9474-1A3956D46DE8}") = "Tests", "Tests", "{318DC9B8-0144-4FB2-BE89-AA15BBF9B738}"
EndProject
Project("{FAE04EC0-301F-11D3-BF4B-00C04F79EFBC}") = "Crop.Hello.Domain.Unit", "Abstraction\Domains\Tests\Crop.Hello.Domain.Unit\Crop.Hello.Domain.Unit.csproj", "{D9260658-1D89-4F6A-A464-6ED3A96BDB05}"
EndProject
Project("{2150E333-8FDC-42A3-9474-1A3956D46DE8}") = "Frameworks", "Frameworks", "{D4141B91-FC4B-4D53-B67B-DE8FDF321B34}"
EndProject
Project("{2150E333-8FDC-42A3-9474-1A3956D46DE8}") = "Src", "Src", "{929B180E-0C78-4F05-B9E0-BF5DECCDF839}"
EndProject
Project("{FAE04EC0-301F-11D3-BF4B-00C04F79EFBC}") = "Crop.Hello.Framework", "Abstraction\Frameworks\Src\Crop.Hello.Framework\Crop.Hello.Framework.csproj", "{BDAF22CB-4C3E-44CD-A697-D4699700CA99}"
EndProject
Project("{FAE04EC0-301F-11D3-BF4B-00C04F79EFBC}") = "Crop.Hello.Framework.Contracts", "Abstraction\Frameworks\Src\Crop.Hello.Framework.Contracts\Crop.Hello.Framework.Contracts.csproj", "{1F5B4FBD-2487-490F-A123-1307634FA5DF}"
EndProject
Project("{2150E333-8FDC-42A3-9474-1A3956D46DE8}") = "Tests", "Tests", "{E881E7E7-905E-4396-983C-D49F112B4BBF}"
EndProject
Project("{FAE04EC0-301F-11D3-BF4B-00C04F79EFBC}") = "Crop.Hello.Framework.Tests.Unit", "Abstraction\Frameworks\Tests\Crop.Hello.Framework.Tests.Unit\Crop.Hello.Framework.Tests.Unit.csproj", "{1D6B3A7A-F4DB-4E99-BC80-8747BE33927A}"
EndProject
Project("{2150E333-8FDC-42A3-9474-1A3956D46DE8}") = "Backend", "Backend", "{6B5BC8E4-65F9-4DB7-AD74-9E502CE7C8F2}"
EndProject
Project("{2150E333-8FDC-42A3-9474-1A3956D46DE8}") = "Api", "Api", "{6B1D9749-9B07-4A39-AE98-8042B92F6FB0}"
EndProject
Project("{2150E333-8FDC-42A3-9474-1A3956D46DE8}") = "Src", "Src", "{AE6FD7B5-F540-4CA8-8FE9-265001C4661F}"
EndProject
Project("{FAE04EC0-301F-11D3-BF4B-00C04F79EFBC}") = "Crop.Hello.Api", "Backend\Api\Src\Crop.Hello.Api\Crop.Hello.Api.csproj", "{09EABBFD-502B-4D8A-8792-CBAA1F1E9E45}"
EndProject
Project("{FAE04EC0-301F-11D3-BF4B-00C04F79EFBC}") = "Crop.Hello.Api.Adapters.Infrastructure", "Backend\Api\Src\Crop.Hello.Api.Adapters.Infrastructure\Crop.Hello.Api.Adapters.Infrastructure.csproj", "{0C0A8F45-7BF2-4CB1-9B5B-4717028E2E5C}"
EndProject
Project("{FAE04EC0-301F-11D3-BF4B-00C04F79EFBC}") = "Crop.Hello.Api.Adapters.Persistence", "Backend\Api\Src\Crop.Hello.Api.Adapters.Persistence\Crop.Hello.Api.Adapters.Persistence.csproj", "{5E93450E-8A26-4BFA-9B73-B6BA2368336E}"
EndProject
Project("{FAE04EC0-301F-11D3-BF4B-00C04F79EFBC}") = "Crop.Hello.Api.Application", "Backend\Api\Src\Crop.Hello.Api.Application\Crop.Hello.Api.Application.csproj", "{2793CE31-CE96-4A3F-9969-8E4A9196B09C}"
EndProject
Project("{FAE04EC0-301F-11D3-BF4B-00C04F79EFBC}") = "Crop.Hello.Api.Domain", "Backend\Api\Src\Crop.Hello.Api.Domain\Crop.Hello.Api.Domain.csproj", "{8FF35778-6859-4160-AF70-AD32287C5CD4}"
EndProject
Project("{2150E333-8FDC-42A3-9474-1A3956D46DE8}") = "Tests", "Tests", "{0CF00227-C1A3-473D-926A-68B546DC2CF0}"
EndProject
Project("{FAE04EC0-301F-11D3-BF4B-00C04F79EFBC}") = "Crop.Hello.Api.Tests.Integration", "Backend\Api\Tests\Crop.Hello.Api.Tests.Integration\Crop.Hello.Api.Tests.Integration.csproj", "{02F37C36-7A1C-4FD9-813D-B1CEB74F4807}"
EndProject
Project("{FAE04EC0-301F-11D3-BF4B-00C04F79EFBC}") = "Crop.Hello.Api.Tests.Unit", "Backend\Api\Tests\Crop.Hello.Api.Tests.Unit\Crop.Hello.Api.Tests.Unit.csproj", "{2E0F0898-F4FF-4B0D-BC45-F0D3F69B8172}"
EndProject
Project("{2150E333-8FDC-42A3-9474-1A3956D46DE8}") = "Master", "Master", "{E0A69738-CE05-464F-A5C0-EC12DE9167A8}"
EndProject
Project("{2150E333-8FDC-42A3-9474-1A3956D46DE8}") = "Src", "Src", "{D8A5B47C-A3FB-4C20-B9D1-55C912176C4D}"
EndProject
Project("{FAE04EC0-301F-11D3-BF4B-00C04F79EFBC}") = "Crop.Hello.Master", "Backend\Master\Src\Crop.Hello.Master\Crop.Hello.Master.csproj", "{9F71A7F5-A54A-433B-A3DB-3F570BBBF7EE}"
EndProject
Project("{FAE04EC0-301F-11D3-BF4B-00C04F79EFBC}") = "Crop.Hello.Master.Adapters.Infrastructure", "Backend\Master\Src\Crop.Hello.Master.Adapters.Infrastructure\Crop.Hello.Master.Adapters.Infrastructure.csproj", "{4F4B180A-AD04-46AA-A382-83B24E364DFA}"
EndProject
Project("{FAE04EC0-301F-11D3-BF4B-00C04F79EFBC}") = "Crop.Hello.Master.Adapters.Persistence", "Backend\Master\Src\Crop.Hello.Master.Adapters.Persistence\Crop.Hello.Master.Adapters.Persistence.csproj", "{3FF2F183-3591-4E9F-9C4D-5A983F672CDA}"
EndProject
Project("{FAE04EC0-301F-11D3-BF4B-00C04F79EFBC}") = "Crop.Hello.Master.Application", "Backend\Master\Src\Crop.Hello.Master.Application\Crop.Hello.Master.Application.csproj", "{77F67D5C-8761-4AE9-9C5E-6B3EA5084613}"
EndProject
Project("{FAE04EC0-301F-11D3-BF4B-00C04F79EFBC}") = "Crop.Hello.Master.Domain", "Backend\Master\Src\Crop.Hello.Master.Domain\Crop.Hello.Master.Domain.csproj", "{E05D4036-474B-4B0A-931C-181773503165}"
EndProject
Project("{2150E333-8FDC-42A3-9474-1A3956D46DE8}") = "Tests", "Tests", "{E0092380-CD9B-461A-B7F5-3D3EE0F71359}"
EndProject
Project("{FAE04EC0-301F-11D3-BF4B-00C04F79EFBC}") = "Crop.Hello.Master.Tests.Integration", "Backend\Master\Tests\Crop.Hello.Master.Tests.Integration\Crop.Hello.Master.Tests.Integration.csproj", "{12B27024-A180-4C34-B9FA-443EC6B219A2}"
EndProject
Project("{FAE04EC0-301F-11D3-BF4B-00C04F79EFBC}") = "Crop.Hello.Master.Tests.Unit", "Backend\Master\Tests\Crop.Hello.Master.Tests.Unit\Crop.Hello.Master.Tests.Unit.csproj", "{D267C12B-E7E1-48B6-9342-D2B66F2A68C6}"
EndProject
Project("{2150E333-8FDC-42A3-9474-1A3956D46DE8}") = "Tests", "Tests", "{D69B9660-02AA-4DB6-A375-793E292551FD}"
EndProject
Project("{FAE04EC0-301F-11D3-BF4B-00C04F79EFBC}") = "Crop.Hello.Tests.E2E", "Backend\Tests\Crop.Hello.Tests.E2E\Crop.Hello.Tests.E2E.csproj", "{EB7A62F2-45B4-478F-88B5-8A2D32832E4E}"
EndProject
Global
	GlobalSection(SolutionConfigurationPlatforms) = preSolution
		Debug|Any CPU = Debug|Any CPU
		Release|Any CPU = Release|Any CPU
	EndGlobalSection
	GlobalSection(SolutionProperties) = preSolution
		HideSolutionNode = FALSE
	EndGlobalSection
	GlobalSection(ProjectConfigurationPlatforms) = postSolution
		{C26588E5-2972-4941-82C4-301396A1ECED}.Debug|Any CPU.ActiveCfg = Debug|Any CPU
		{C26588E5-2972-4941-82C4-301396A1ECED}.Debug|Any CPU.Build.0 = Debug|Any CPU
		{C26588E5-2972-4941-82C4-301396A1ECED}.Release|Any CPU.ActiveCfg = Release|Any CPU
		{C26588E5-2972-4941-82C4-301396A1ECED}.Release|Any CPU.Build.0 = Release|Any CPU
		{D9260658-1D89-4F6A-A464-6ED3A96BDB05}.Debug|Any CPU.ActiveCfg = Debug|Any CPU
		{D9260658-1D89-4F6A-A464-6ED3A96BDB05}.Debug|Any CPU.Build.0 = Debug|Any CPU
		{D9260658-1D89-4F6A-A464-6ED3A96BDB05}.Release|Any CPU.ActiveCfg = Release|Any CPU
		{D9260658-1D89-4F6A-A464-6ED3A96BDB05}.Release|Any CPU.Build.0 = Release|Any CPU
		{BDAF22CB-4C3E-44CD-A697-D4699700CA99}.Debug|Any CPU.ActiveCfg = Debug|Any CPU
		{BDAF22CB-4C3E-44CD-A697-D4699700CA99}.Debug|Any CPU.Build.0 = Debug|Any CPU
		{BDAF22CB-4C3E-44CD-A697-D4699700CA99}.Release|Any CPU.ActiveCfg = Release|Any CPU
		{BDAF22CB-4C3E-44CD-A697-D4699700CA99}.Release|Any CPU.Build.0 = Release|Any CPU
		{1F5B4FBD-2487-490F-A123-1307634FA5DF}.Debug|Any CPU.ActiveCfg = Debug|Any CPU
		{1F5B4FBD-2487-490F-A123-1307634FA5DF}.Debug|Any CPU.Build.0 = Debug|Any CPU
		{1F5B4FBD-2487-490F-A123-1307634FA5DF}.Release|Any CPU.ActiveCfg = Release|Any CPU
		{1F5B4FBD-2487-490F-A123-1307634FA5DF}.Release|Any CPU.Build.0 = Release|Any CPU
		{1D6B3A7A-F4DB-4E99-BC80-8747BE33927A}.Debug|Any CPU.ActiveCfg = Debug|Any CPU
		{1D6B3A7A-F4DB-4E99-BC80-8747BE33927A}.Debug|Any CPU.Build.0 = Debug|Any CPU
		{1D6B3A7A-F4DB-4E99-BC80-8747BE33927A}.Release|Any CPU.ActiveCfg = Release|Any CPU
		{1D6B3A7A-F4DB-4E99-BC80-8747BE33927A}.Release|Any CPU.Build.0 = Release|Any CPU
		{09EABBFD-502B-4D8A-8792-CBAA1F1E9E45}.Debug|Any CPU.ActiveCfg = Debug|Any CPU
		{09EABBFD-502B-4D8A-8792-CBAA1F1E9E45}.Debug|Any CPU.Build.0 = Debug|Any CPU
		{09EABBFD-502B-4D8A-8792-CBAA1F1E9E45}.Release|Any CPU.ActiveCfg = Release|Any CPU
		{09EABBFD-502B-4D8A-8792-CBAA1F1E9E45}.Release|Any CPU.Build.0 = Release|Any CPU
		{0C0A8F45-7BF2-4CB1-9B5B-4717028E2E5C}.Debug|Any CPU.ActiveCfg = Debug|Any CPU
		{0C0A8F45-7BF2-4CB1-9B5B-4717028E2E5C}.Debug|Any CPU.Build.0 = Debug|Any CPU
		{0C0A8F45-7BF2-4CB1-9B5B-4717028E2E5C}.Release|Any CPU.ActiveCfg = Release|Any CPU
		{0C0A8F45-7BF2-4CB1-9B5B-4717028E2E5C}.Release|Any CPU.Build.0 = Release|Any CPU
		{5E93450E-8A26-4BFA-9B73-B6BA2368336E}.Debug|Any CPU.ActiveCfg = Debug|Any CPU
		{5E93450E-8A26-4BFA-9B73-B6BA2368336E}.Debug|Any CPU.Build.0 = Debug|Any CPU
		{5E93450E-8A26-4BFA-9B73-B6BA2368336E}.Release|Any CPU.ActiveCfg = Release|Any CPU
		{5E93450E-8A26-4BFA-9B73-B6BA2368336E}.Release|Any CPU.Build.0 = Release|Any CPU
		{2793CE31-CE96-4A3F-9969-8E4A9196B09C}.Debug|Any CPU.ActiveCfg = Debug|Any CPU
		{2793CE31-CE96-4A3F-9969-8E4A9196B09C}.Debug|Any CPU.Build.0 = Debug|Any CPU
		{2793CE31-CE96-4A3F-9969-8E4A9196B09C}.Release|Any CPU.ActiveCfg = Release|Any CPU
		{2793CE31-CE96-4A3F-9969-8E4A9196B09C}.Release|Any CPU.Build.0 = Release|Any CPU
		{8FF35778-6859-4160-AF70-AD32287C5CD4}.Debug|Any CPU.ActiveCfg = Debug|Any CPU
		{8FF35778-6859-4160-AF70-AD32287C5CD4}.Debug|Any CPU.Build.0 = Debug|Any CPU
		{8FF35778-6859-4160-AF70-AD32287C5CD4}.Release|Any CPU.ActiveCfg = Release|Any CPU
		{8FF35778-6859-4160-AF70-AD32287C5CD4}.Release|Any CPU.Build.0 = Release|Any CPU
		{02F37C36-7A1C-4FD9-813D-B1CEB74F4807}.Debug|Any CPU.ActiveCfg = Debug|Any CPU
		{02F37C36-7A1C-4FD9-813D-B1CEB74F4807}.Debug|Any CPU.Build.0 = Debug|Any CPU
		{02F37C36-7A1C-4FD9-813D-B1CEB74F4807}.Release|Any CPU.ActiveCfg = Release|Any CPU
		{02F37C36-7A1C-4FD9-813D-B1CEB74F4807}.Release|Any CPU.Build.0 = Release|Any CPU
		{2E0F0898-F4FF-4B0D-BC45-F0D3F69B8172}.Debug|Any CPU.ActiveCfg = Debug|Any CPU
		{2E0F0898-F4FF-4B0D-BC45-F0D3F69B8172}.Debug|Any CPU.Build.0 = Debug|Any CPU
		{2E0F0898-F4FF-4B0D-BC45-F0D3F69B8172}.Release|Any CPU.ActiveCfg = Release|Any CPU
		{2E0F0898-F4FF-4B0D-BC45-F0D3F69B8172}.Release|Any CPU.Build.0 = Release|Any CPU
		{9F71A7F5-A54A-433B-A3DB-3F570BBBF7EE}.Debug|Any CPU.ActiveCfg = Debug|Any CPU
		{9F71A7F5-A54A-433B-A3DB-3F570BBBF7EE}.Debug|Any CPU.Build.0 = Debug|Any CPU
		{9F71A7F5-A54A-433B-A3DB-3F570BBBF7EE}.Release|Any CPU.ActiveCfg = Release|Any CPU
		{9F71A7F5-A54A-433B-A3DB-3F570BBBF7EE}.Release|Any CPU.Build.0 = Release|Any CPU
		{4F4B180A-AD04-46AA-A382-83B24E364DFA}.Debug|Any CPU.ActiveCfg = Debug|Any CPU
		{4F4B180A-AD04-46AA-A382-83B24E364DFA}.Debug|Any CPU.Build.0 = Debug|Any CPU
		{4F4B180A-AD04-46AA-A382-83B24E364DFA}.Release|Any CPU.ActiveCfg = Release|Any CPU
		{4F4B180A-AD04-46AA-A382-83B24E364DFA}.Release|Any CPU.Build.0 = Release|Any CPU
		{3FF2F183-3591-4E9F-9C4D-5A983F672CDA}.Debug|Any CPU.ActiveCfg = Debug|Any CPU
		{3FF2F183-3591-4E9F-9C4D-5A983F672CDA}.Debug|Any CPU.Build.0 = Debug|Any CPU
		{3FF2F183-3591-4E9F-9C4D-5A983F672CDA}.Release|Any CPU.ActiveCfg = Release|Any CPU
		{3FF2F183-3591-4E9F-9C4D-5A983F672CDA}.Release|Any CPU.Build.0 = Release|Any CPU
		{77F67D5C-8761-4AE9-9C5E-6B3EA5084613}.Debug|Any CPU.ActiveCfg = Debug|Any CPU
		{77F67D5C-8761-4AE9-9C5E-6B3EA5084613}.Debug|Any CPU.Build.0 = Debug|Any CPU
		{77F67D5C-8761-4AE9-9C5E-6B3EA5084613}.Release|Any CPU.ActiveCfg = Release|Any CPU
		{77F67D5C-8761-4AE9-9C5E-6B3EA5084613}.Release|Any CPU.Build.0 = Release|Any CPU
		{E05D4036-474B-4B0A-931C-181773503165}.Debug|Any CPU.ActiveCfg = Debug|Any CPU
		{E05D4036-474B-4B0A-931C-181773503165}.Debug|Any CPU.Build.0 = Debug|Any CPU
		{E05D4036-474B-4B0A-931C-181773503165}.Release|Any CPU.ActiveCfg = Release|Any CPU
		{E05D4036-474B-4B0A-931C-181773503165}.Release|Any CPU.Build.0 = Release|Any CPU
		{12B27024-A180-4C34-B9FA-443EC6B219A2}.Debug|Any CPU.ActiveCfg = Debug|Any CPU
		{12B27024-A180-4C34-B9FA-443EC6B219A2}.Debug|Any CPU.Build.0 = Debug|Any CPU
		{12B27024-A180-4C34-B9FA-443EC6B219A2}.Release|Any CPU.ActiveCfg = Release|Any CPU
		{12B27024-A180-4C34-B9FA-443EC6B219A2}.Release|Any CPU.Build.0 = Release|Any CPU
		{D267C12B-E7E1-48B6-9342-D2B66F2A68C6}.Debug|Any CPU.ActiveCfg = Debug|Any CPU
		{D267C12B-E7E1-48B6-9342-D2B66F2A68C6}.Debug|Any CPU.Build.0 = Debug|Any CPU
		{D267C12B-E7E1-48B6-9342-D2B66F2A68C6}.Release|Any CPU.ActiveCfg = Release|Any CPU
		{D267C12B-E7E1-48B6-9342-D2B66F2A68C6}.Release|Any CPU.Build.0 = Release|Any CPU
		{EB7A62F2-45B4-478F-88B5-8A2D32832E4E}.Debug|Any CPU.ActiveCfg = Debug|Any CPU
		{EB7A62F2-45B4-478F-88B5-8A2D32832E4E}.Debug|Any CPU.Build.0 = Debug|Any CPU
		{EB7A62F2-45B4-478F-88B5-8A2D32832E4E}.Release|Any CPU.ActiveCfg = Release|Any CPU
		{EB7A62F2-45B4-478F-88B5-8A2D32832E4E}.Release|Any CPU.Build.0 = Release|Any CPU
	EndGlobalSection
	GlobalSection(NestedProjects) = preSolution
		{B69A6546-87EC-4AB2-8C8C-FD91B4755503} = {E95C3D21-A728-46DC-BF5F-EF2A49E4238D}
		{B5F205C5-1E20-4CBE-8BE2-9A923435D8F0} = {B69A6546-87EC-4AB2-8C8C-FD91B4755503}
		{C26588E5-2972-4941-82C4-301396A1ECED} = {B5F205C5-1E20-4CBE-8BE2-9A923435D8F0}
		{318DC9B8-0144-4FB2-BE89-AA15BBF9B738} = {B69A6546-87EC-4AB2-8C8C-FD91B4755503}
		{D9260658-1D89-4F6A-A464-6ED3A96BDB05} = {318DC9B8-0144-4FB2-BE89-AA15BBF9B738}
		{D4141B91-FC4B-4D53-B67B-DE8FDF321B34} = {E95C3D21-A728-46DC-BF5F-EF2A49E4238D}
		{929B180E-0C78-4F05-B9E0-BF5DECCDF839} = {D4141B91-FC4B-4D53-B67B-DE8FDF321B34}
		{BDAF22CB-4C3E-44CD-A697-D4699700CA99} = {929B180E-0C78-4F05-B9E0-BF5DECCDF839}
		{1F5B4FBD-2487-490F-A123-1307634FA5DF} = {929B180E-0C78-4F05-B9E0-BF5DECCDF839}
		{E881E7E7-905E-4396-983C-D49F112B4BBF} = {D4141B91-FC4B-4D53-B67B-DE8FDF321B34}
		{1D6B3A7A-F4DB-4E99-BC80-8747BE33927A} = {E881E7E7-905E-4396-983C-D49F112B4BBF}
		{6B1D9749-9B07-4A39-AE98-8042B92F6FB0} = {6B5BC8E4-65F9-4DB7-AD74-9E502CE7C8F2}
		{AE6FD7B5-F540-4CA8-8FE9-265001C4661F} = {6B1D9749-9B07-4A39-AE98-8042B92F6FB0}
		{09EABBFD-502B-4D8A-8792-CBAA1F1E9E45} = {AE6FD7B5-F540-4CA8-8FE9-265001C4661F}
		{0C0A8F45-7BF2-4CB1-9B5B-4717028E2E5C} = {AE6FD7B5-F540-4CA8-8FE9-265001C4661F}
		{5E93450E-8A26-4BFA-9B73-B6BA2368336E} = {AE6FD7B5-F540-4CA8-8FE9-265001C4661F}
		{2793CE31-CE96-4A3F-9969-8E4A9196B09C} = {AE6FD7B5-F540-4CA8-8FE9-265001C4661F}
		{8FF35778-6859-4160-AF70-AD32287C5CD4} = {AE6FD7B5-F540-4CA8-8FE9-265001C4661F}
		{0CF00227-C1A3-473D-926A-68B546DC2CF0} = {6B1D9749-9B07-4A39-AE98-8042B92F6FB0}
		{02F37C36-7A1C-4FD9-813D-B1CEB74F4807} = {0CF00227-C1A3-473D-926A-68B546DC2CF0}
		{2E0F0898-F4FF-4B0D-BC45-F0D3F69B8172} = {0CF00227-C1A3-473D-926A-68B546DC2CF0}
		{E0A69738-CE05-464F-A5C0-EC12DE9167A8} = {6B5BC8E4-65F9-4DB7-AD74-9E502CE7C8F2}
		{D8A5B47C-A3FB-4C20-B9D1-55C912176C4D} = {E0A69738-CE05-464F-A5C0-EC12DE9167A8}
		{9F71A7F5-A54A-433B-A3DB-3F570BBBF7EE} = {D8A5B47C-A3FB-4C20-B9D1-55C912176C4D}
		{4F4B180A-AD04-46AA-A382-83B24E364DFA} = {D8A5B47C-A3FB-4C20-B9D1-55C912176C4D}
		{3FF2F183-3591-4E9F-9C4D-5A983F672CDA} = {D8A5B47C-A3FB-4C20-B9D1-55C912176C4D}
		{77F67D5C-8761-4AE9-9C5E-6B3EA5084613} = {D8A5B47C-A3FB-4C20-B9D1-55C912176C4D}
		{E05D4036-474B-4B0A-931C-181773503165} = {D8A5B47C-A3FB-4C20-B9D1-55C912176C4D}
		{E0092380-CD9B-461A-B7F5-3D3EE0F71359} = {E0A69738-CE05-464F-A5C0-EC12DE9167A8}
		{12B27024-A180-4C34-B9FA-443EC6B219A2} = {E0092380-CD9B-461A-B7F5-3D3EE0F71359}
		{D267C12B-E7E1-48B6-9342-D2B66F2A68C6} = {E0092380-CD9B-461A-B7F5-3D3EE0F71359}
		{D69B9660-02AA-4DB6-A375-793E292551FD} = {6B5BC8E4-65F9-4DB7-AD74-9E502CE7C8F2}
		{EB7A62F2-45B4-478F-88B5-8A2D32832E4E} = {D69B9660-02AA-4DB6-A375-793E292551FD}
	EndGlobalSection
EndGlobal
