
Microsoft Visual Studio Solution File, Format Version 12.00
# Visual Studio Version 17
VisualStudioVersion = 17.12.35506.116
MinimumVisualStudioVersion = 10.0.40219.1
Project("{FAE04EC0-301F-11D3-BF4B-00C04F79EFBC}") = "Numbers.Tests.Unit", "Numbers.Tests.Unit\Numbers.Tests.Unit.csproj", "{AA100CAB-71E9-4A06-B8C5-ACA6F8E65F83}"
EndProject
Project("{FAE04EC0-301F-11D3-BF4B-00C04F79EFBC}") = "Numbers.Domain", "Numbers.Domain\Numbers.Domain.csproj", "{0012A889-33B5-43D1-BF30-530D86B4009A}"
EndProject
Project("{2150E333-8FDC-42A3-9474-1A3956D46DE8}") = "Solution Items", "Solution Items", "{35ED5342-4C52-4C9F-9717-2C2447FDD94D}"
	ProjectSection(SolutionItems) = preProject
		README.md = README.md
	EndProjectSection
EndProject
Global
	GlobalSection(SolutionConfigurationPlatforms) = preSolution
		Debug|Any CPU = Debug|Any CPU
		Release|Any CPU = Release|Any CPU
	EndGlobalSection
	GlobalSection(ProjectConfigurationPlatforms) = postSolution
		{AA100CAB-71E9-4A06-B8C5-ACA6F8E65F83}.Debug|Any CPU.ActiveCfg = Debug|Any CPU
		{AA100CAB-71E9-4A06-B8C5-ACA6F8E65F83}.Debug|Any CPU.Build.0 = Debug|Any CPU
		{AA100CAB-71E9-4A06-B8C5-ACA6F8E65F83}.Release|Any CPU.ActiveCfg = Release|Any CPU
		{AA100CAB-71E9-4A06-B8C5-ACA6F8E65F83}.Release|Any CPU.Build.0 = Release|Any CPU
		{0012A889-33B5-43D1-BF30-530D86B4009A}.Debug|Any CPU.ActiveCfg = Debug|Any CPU
		{0012A889-33B5-43D1-BF30-530D86B4009A}.Debug|Any CPU.Build.0 = Debug|Any CPU
		{0012A889-33B5-43D1-BF30-530D86B4009A}.Release|Any CPU.ActiveCfg = Release|Any CPU
		{0012A889-33B5-43D1-BF30-530D86B4009A}.Release|Any CPU.Build.0 = Release|Any CPU
	EndGlobalSection
	GlobalSection(SolutionProperties) = preSolution
		HideSolutionNode = FALSE
	EndGlobalSection
EndGlobal
